// !$*UTF8*$!
{
	archiveVersion = 1;
	classes = {
	};
	objectVersion = 56;
	objects = {

/* Begin PBXBuildFile section */
		1F3980AE29E0F80B001CDACB /* view.swift in Sources */ = {isa = PBXBuildFile; fileRef = 1F3980AD29E0F80B001CDACB /* view.swift */; };
		1F3980AF29E0F80B001CDACB /* view.swift in Sources */ = {isa = PBXBuildFile; fileRef = 1F3980AD29E0F80B001CDACB /* view.swift */; };
		1F3980B029E0F80B001CDACB /* view.swift in Sources */ = {isa = PBXBuildFile; fileRef = 1F3980AD29E0F80B001CDACB /* view.swift */; };
		1F39811C29E39BFB001CDACB /* widget.swift in Sources */ = {isa = PBXBuildFile; fileRef = 1F39811B29E39BFB001CDACB /* widget.swift */; };
		1F39811D29E39BFB001CDACB /* widget.swift in Sources */ = {isa = PBXBuildFile; fileRef = 1F39811B29E39BFB001CDACB /* widget.swift */; };
		1F39811E29E39BFB001CDACB /* widget.swift in Sources */ = {isa = PBXBuildFile; fileRef = 1F39811B29E39BFB001CDACB /* widget.swift */; };
		1F47E37729D8EFB8006B0ABD /* Assets.xcassets in Resources */ = {isa = PBXBuildFile; fileRef = 1F5AD07629D7B79A0080A373 /* Assets.xcassets */; };
		1F47E37829D8EFBE006B0ABD /* Assets.xcassets in Resources */ = {isa = PBXBuildFile; fileRef = 1F5AD07629D7B79A0080A373 /* Assets.xcassets */; };
		1F5AD06F29D7B7990080A373 /* WidgetKit.framework in Frameworks */ = {isa = PBXBuildFile; fileRef = 1F5AD06E29D7B7990080A373 /* WidgetKit.framework */; };
		1F5AD07129D7B7990080A373 /* SwiftUI.framework in Frameworks */ = {isa = PBXBuildFile; fileRef = 1F5AD07029D7B7990080A373 /* SwiftUI.framework */; };
		1F5AD07429D7B7990080A373 /* widgets.swift in Sources */ = {isa = PBXBuildFile; fileRef = 1F5AD07329D7B7990080A373 /* widgets.swift */; };
		1F5AD07729D7B79A0080A373 /* Assets.xcassets in Resources */ = {isa = PBXBuildFile; fileRef = 1F5AD07629D7B79A0080A373 /* Assets.xcassets */; };
		1F5AD07E29D7B79A0080A373 /* widgetsExtension.appex in Embed Foundation Extensions */ = {isa = PBXBuildFile; fileRef = 1F5AD06C29D7B7990080A373 /* widgetsExtension.appex */; settings = {ATTRIBUTES = (RemoveHeadersOnCopy, ); }; };
		1F5AD08229D7B8A60080A373 /* lib.swift in Sources */ = {isa = PBXBuildFile; fileRef = 1F6A344F29D63C3D0073C110 /* lib.swift */; };
		1F6A345029D63C3D0073C110 /* lib.swift in Sources */ = {isa = PBXBuildFile; fileRef = 1F6A344F29D63C3D0073C110 /* lib.swift */; };
		1F6A345129D63CEC0073C110 /* lib.swift in Sources */ = {isa = PBXBuildFile; fileRef = 1F6A344F29D63C3D0073C110 /* lib.swift */; };
		1F96981C2BF6CF9400DE9246 /* health.swift in Sources */ = {isa = PBXBuildFile; fileRef = 1F96981B2BF6CF9400DE9246 /* health.swift */; };
		1FAD1B7B29D12A690059DDA1 /* app.swift in Sources */ = {isa = PBXBuildFile; fileRef = 1FAD1B7A29D12A690059DDA1 /* app.swift */; };
		1FAD1B8229D12A6A0059DDA1 /* Preview Assets.xcassets in Resources */ = {isa = PBXBuildFile; fileRef = 1FAD1B8129D12A6A0059DDA1 /* Preview Assets.xcassets */; };
		1FAD1B8829D12A6A0059DDA1 /* diem Watch App.app in Embed Watch Content */ = {isa = PBXBuildFile; fileRef = 1FAD1B8729D12A6A0059DDA1 /* diem Watch App.app */; settings = {ATTRIBUTES = (RemoveHeadersOnCopy, ); }; };
		1FAD1B8D29D12A6A0059DDA1 /* app.swift in Sources */ = {isa = PBXBuildFile; fileRef = 1FAD1B8C29D12A6A0059DDA1 /* app.swift */; };
		1FAD1B9429D12A6B0059DDA1 /* Preview Assets.xcassets in Resources */ = {isa = PBXBuildFile; fileRef = 1FAD1B9329D12A6B0059DDA1 /* Preview Assets.xcassets */; };
		1FF0AD882A9A1AA800F31BD3 /* alert.swift in Sources */ = {isa = PBXBuildFile; fileRef = 1FF0AD872A9A1AA800F31BD3 /* alert.swift */; };
		1FF0AD892A9A1AA800F31BD3 /* alert.swift in Sources */ = {isa = PBXBuildFile; fileRef = 1FF0AD872A9A1AA800F31BD3 /* alert.swift */; };
		1FF0AD8A2A9A1AA800F31BD3 /* alert.swift in Sources */ = {isa = PBXBuildFile; fileRef = 1FF0AD872A9A1AA800F31BD3 /* alert.swift */; };
		1FF0AD932A9C1FBE00F31BD3 /* dateTests.swift in Sources */ = {isa = PBXBuildFile; fileRef = 1FF0AD922A9C1FBE00F31BD3 /* dateTests.swift */; };
/* End PBXBuildFile section */

/* Begin PBXContainerItemProxy section */
		1F5AD07B29D7B79A0080A373 /* PBXContainerItemProxy */ = {
			isa = PBXContainerItemProxy;
			containerPortal = 1FAD1B6F29D12A690059DDA1 /* Project object */;
			proxyType = 1;
			remoteGlobalIDString = 1F5AD06B29D7B7990080A373;
			remoteInfo = widgetsExtension;
		};
		1FAD1B8929D12A6A0059DDA1 /* PBXContainerItemProxy */ = {
			isa = PBXContainerItemProxy;
			containerPortal = 1FAD1B6F29D12A690059DDA1 /* Project object */;
			proxyType = 1;
			remoteGlobalIDString = 1FAD1B8629D12A6A0059DDA1;
			remoteInfo = "diem Watch App";
		};
		1FF0AD942A9C1FBE00F31BD3 /* PBXContainerItemProxy */ = {
			isa = PBXContainerItemProxy;
			containerPortal = 1FAD1B6F29D12A690059DDA1 /* Project object */;
			proxyType = 1;
			remoteGlobalIDString = 1FAD1B7629D12A690059DDA1;
			remoteInfo = diem;
		};
/* End PBXContainerItemProxy section */

/* Begin PBXCopyFilesBuildPhase section */
		1F39811429E39ADC001CDACB /* Embed Foundation Extensions */ = {
			isa = PBXCopyFilesBuildPhase;
			buildActionMask = 2147483647;
			dstPath = "";
			dstSubfolderSpec = 13;
			files = (
			);
			name = "Embed Foundation Extensions";
			runOnlyForDeploymentPostprocessing = 0;
		};
		1F5AD07D29D7B79A0080A373 /* Embed Foundation Extensions */ = {
			isa = PBXCopyFilesBuildPhase;
			buildActionMask = 2147483647;
			dstPath = "";
			dstSubfolderSpec = 13;
			files = (
				1F5AD07E29D7B79A0080A373 /* widgetsExtension.appex in Embed Foundation Extensions */,
			);
			name = "Embed Foundation Extensions";
			runOnlyForDeploymentPostprocessing = 0;
		};
		1FAD1B9A29D12A6B0059DDA1 /* Embed Watch Content */ = {
			isa = PBXCopyFilesBuildPhase;
			buildActionMask = 2147483647;
			dstPath = "$(CONTENTS_FOLDER_PATH)/Watch";
			dstSubfolderSpec = 16;
			files = (
				1FAD1B8829D12A6A0059DDA1 /* diem Watch App.app in Embed Watch Content */,
			);
			name = "Embed Watch Content";
			runOnlyForDeploymentPostprocessing = 0;
		};
/* End PBXCopyFilesBuildPhase section */

/* Begin PBXFileReference section */
		1F3980AD29E0F80B001CDACB /* view.swift */ = {isa = PBXFileReference; lastKnownFileType = sourcecode.swift; path = view.swift; sourceTree = "<group>"; };
		1F39811B29E39BFB001CDACB /* widget.swift */ = {isa = PBXFileReference; lastKnownFileType = sourcecode.swift; path = widget.swift; sourceTree = "<group>"; };
		1F5AD06C29D7B7990080A373 /* widgetsExtension.appex */ = {isa = PBXFileReference; explicitFileType = "wrapper.app-extension"; includeInIndex = 0; path = widgetsExtension.appex; sourceTree = BUILT_PRODUCTS_DIR; };
		1F5AD06E29D7B7990080A373 /* WidgetKit.framework */ = {isa = PBXFileReference; lastKnownFileType = wrapper.framework; name = WidgetKit.framework; path = System/Library/Frameworks/WidgetKit.framework; sourceTree = SDKROOT; };
		1F5AD07029D7B7990080A373 /* SwiftUI.framework */ = {isa = PBXFileReference; lastKnownFileType = wrapper.framework; name = SwiftUI.framework; path = System/Library/Frameworks/SwiftUI.framework; sourceTree = SDKROOT; };
		1F5AD07329D7B7990080A373 /* widgets.swift */ = {isa = PBXFileReference; lastKnownFileType = sourcecode.swift; path = widgets.swift; sourceTree = "<group>"; };
		1F5AD07629D7B79A0080A373 /* Assets.xcassets */ = {isa = PBXFileReference; lastKnownFileType = folder.assetcatalog; path = Assets.xcassets; sourceTree = "<group>"; };
		1F5AD07829D7B79A0080A373 /* Info.plist */ = {isa = PBXFileReference; lastKnownFileType = text.plist.xml; path = Info.plist; sourceTree = "<group>"; };
		1F6A344F29D63C3D0073C110 /* lib.swift */ = {isa = PBXFileReference; lastKnownFileType = sourcecode.swift; path = lib.swift; sourceTree = "<group>"; };
		1F96981A2BF6CF3900DE9246 /* diem.entitlements */ = {isa = PBXFileReference; lastKnownFileType = text.plist.entitlements; path = diem.entitlements; sourceTree = "<group>"; };
		1F96981B2BF6CF9400DE9246 /* health.swift */ = {isa = PBXFileReference; lastKnownFileType = sourcecode.swift; path = health.swift; sourceTree = "<group>"; };
		1FAD1B7729D12A690059DDA1 /* diem.app */ = {isa = PBXFileReference; explicitFileType = wrapper.application; includeInIndex = 0; path = diem.app; sourceTree = BUILT_PRODUCTS_DIR; };
		1FAD1B7A29D12A690059DDA1 /* app.swift */ = {isa = PBXFileReference; lastKnownFileType = sourcecode.swift; path = app.swift; sourceTree = "<group>"; };
		1FAD1B8129D12A6A0059DDA1 /* Preview Assets.xcassets */ = {isa = PBXFileReference; lastKnownFileType = folder.assetcatalog; path = "Preview Assets.xcassets"; sourceTree = "<group>"; };
		1FAD1B8729D12A6A0059DDA1 /* diem Watch App.app */ = {isa = PBXFileReference; explicitFileType = wrapper.application; includeInIndex = 0; path = "diem Watch App.app"; sourceTree = BUILT_PRODUCTS_DIR; };
		1FAD1B8C29D12A6A0059DDA1 /* app.swift */ = {isa = PBXFileReference; lastKnownFileType = sourcecode.swift; path = app.swift; sourceTree = "<group>"; };
		1FAD1B9329D12A6B0059DDA1 /* Preview Assets.xcassets */ = {isa = PBXFileReference; lastKnownFileType = folder.assetcatalog; path = "Preview Assets.xcassets"; sourceTree = "<group>"; };
		1FD5F02429DBCEAB005B3622 /* diem-Watch-App-Info.plist */ = {isa = PBXFileReference; lastKnownFileType = text.plist.xml; path = "diem-Watch-App-Info.plist"; sourceTree = "<group>"; };
		1FF0AD872A9A1AA800F31BD3 /* alert.swift */ = {isa = PBXFileReference; lastKnownFileType = sourcecode.swift; path = alert.swift; sourceTree = "<group>"; };
		1FF0AD902A9C1FBE00F31BD3 /* Diem Tests.xctest */ = {isa = PBXFileReference; explicitFileType = wrapper.cfbundle; includeInIndex = 0; path = "Diem Tests.xctest"; sourceTree = BUILT_PRODUCTS_DIR; };
		1FF0AD922A9C1FBE00F31BD3 /* dateTests.swift */ = {isa = PBXFileReference; lastKnownFileType = sourcecode.swift; path = dateTests.swift; sourceTree = "<group>"; };
		1FF228C32A3C8A3700424CEC /* diem-Info.plist */ = {isa = PBXFileReference; lastKnownFileType = text.plist; path = "diem-Info.plist"; sourceTree = "<group>"; };
/* End PBXFileReference section */

/* Begin PBXFrameworksBuildPhase section */
		1F5AD06929D7B7990080A373 /* Frameworks */ = {
			isa = PBXFrameworksBuildPhase;
			buildActionMask = 2147483647;
			files = (
				1F5AD07129D7B7990080A373 /* SwiftUI.framework in Frameworks */,
				1F5AD06F29D7B7990080A373 /* WidgetKit.framework in Frameworks */,
			);
			runOnlyForDeploymentPostprocessing = 0;
		};
		1FAD1B7429D12A690059DDA1 /* Frameworks */ = {
			isa = PBXFrameworksBuildPhase;
			buildActionMask = 2147483647;
			files = (
			);
			runOnlyForDeploymentPostprocessing = 0;
		};
		1FAD1B8429D12A6A0059DDA1 /* Frameworks */ = {
			isa = PBXFrameworksBuildPhase;
			buildActionMask = 2147483647;
			files = (
			);
			runOnlyForDeploymentPostprocessing = 0;
		};
		1FF0AD8D2A9C1FBE00F31BD3 /* Frameworks */ = {
			isa = PBXFrameworksBuildPhase;
			buildActionMask = 2147483647;
			files = (
			);
			runOnlyForDeploymentPostprocessing = 0;
		};
/* End PBXFrameworksBuildPhase section */

/* Begin PBXGroup section */
		1F5AD06D29D7B7990080A373 /* Frameworks */ = {
			isa = PBXGroup;
			children = (
				1F5AD06E29D7B7990080A373 /* WidgetKit.framework */,
				1F5AD07029D7B7990080A373 /* SwiftUI.framework */,
			);
			name = Frameworks;
			sourceTree = "<group>";
		};
		1F5AD07229D7B7990080A373 /* widgets */ = {
			isa = PBXGroup;
			children = (
				1F5AD07329D7B7990080A373 /* widgets.swift */,
				1F5AD07829D7B79A0080A373 /* Info.plist */,
			);
			path = widgets;
			sourceTree = "<group>";
		};
		1F6A344E29D6360C0073C110 /* Shared */ = {
			isa = PBXGroup;
			children = (
				1F5AD07629D7B79A0080A373 /* Assets.xcassets */,
				1FF0AD872A9A1AA800F31BD3 /* alert.swift */,
				1F6A344F29D63C3D0073C110 /* lib.swift */,
				1F3980AD29E0F80B001CDACB /* view.swift */,
				1F39811B29E39BFB001CDACB /* widget.swift */,
			);
			path = Shared;
			sourceTree = "<group>";
		};
		1FAD1B6E29D12A690059DDA1 = {
			isa = PBXGroup;
			children = (
				1F96981A2BF6CF3900DE9246 /* diem.entitlements */,
				1FF228C32A3C8A3700424CEC /* diem-Info.plist */,
				1FD5F02429DBCEAB005B3622 /* diem-Watch-App-Info.plist */,
				1F6A344E29D6360C0073C110 /* Shared */,
				1FF0AD912A9C1FBE00F31BD3 /* Tests */,
				1FAD1B7929D12A690059DDA1 /* iOS */,
				1FAD1B8B29D12A6A0059DDA1 /* watchOS */,
				1F5AD07229D7B7990080A373 /* widgets */,
				1F5AD06D29D7B7990080A373 /* Frameworks */,
				1FAD1B7829D12A690059DDA1 /* Products */,
			);
			sourceTree = "<group>";
		};
		1FAD1B7829D12A690059DDA1 /* Products */ = {
			isa = PBXGroup;
			children = (
				1FAD1B7729D12A690059DDA1 /* diem.app */,
				1FAD1B8729D12A6A0059DDA1 /* diem Watch App.app */,
				1F5AD06C29D7B7990080A373 /* widgetsExtension.appex */,
				1FF0AD902A9C1FBE00F31BD3 /* Diem Tests.xctest */,
			);
			name = Products;
			sourceTree = "<group>";
		};
		1FAD1B7929D12A690059DDA1 /* iOS */ = {
			isa = PBXGroup;
			children = (
				1FAD1B7A29D12A690059DDA1 /* app.swift */,
				1F96981B2BF6CF9400DE9246 /* health.swift */,
				1FAD1B8029D12A6A0059DDA1 /* Preview Content */,
			);
			path = iOS;
			sourceTree = "<group>";
		};
		1FAD1B8029D12A6A0059DDA1 /* Preview Content */ = {
			isa = PBXGroup;
			children = (
				1FAD1B8129D12A6A0059DDA1 /* Preview Assets.xcassets */,
			);
			path = "Preview Content";
			sourceTree = "<group>";
		};
		1FAD1B8B29D12A6A0059DDA1 /* watchOS */ = {
			isa = PBXGroup;
			children = (
				1FAD1B8C29D12A6A0059DDA1 /* app.swift */,
				1FAD1B9229D12A6B0059DDA1 /* Preview Content */,
			);
			path = watchOS;
			sourceTree = "<group>";
		};
		1FAD1B9229D12A6B0059DDA1 /* Preview Content */ = {
			isa = PBXGroup;
			children = (
				1FAD1B9329D12A6B0059DDA1 /* Preview Assets.xcassets */,
			);
			path = "Preview Content";
			sourceTree = "<group>";
		};
		1FF0AD912A9C1FBE00F31BD3 /* Tests */ = {
			isa = PBXGroup;
			children = (
				1FF0AD922A9C1FBE00F31BD3 /* dateTests.swift */,
			);
			path = Tests;
			sourceTree = "<group>";
		};
/* End PBXGroup section */

/* Begin PBXNativeTarget section */
		1F5AD06B29D7B7990080A373 /* widgetsExtension */ = {
			isa = PBXNativeTarget;
			buildConfigurationList = 1F5AD08129D7B79A0080A373 /* Build configuration list for PBXNativeTarget "widgetsExtension" */;
			buildPhases = (
				1F5AD06829D7B7990080A373 /* Sources */,
				1F5AD06929D7B7990080A373 /* Frameworks */,
				1F5AD06A29D7B7990080A373 /* Resources */,
			);
			buildRules = (
			);
			dependencies = (
			);
			name = widgetsExtension;
			productName = widgetsExtension;
			productReference = 1F5AD06C29D7B7990080A373 /* widgetsExtension.appex */;
			productType = "com.apple.product-type.app-extension";
		};
		1FAD1B7629D12A690059DDA1 /* diem */ = {
			isa = PBXNativeTarget;
			buildConfigurationList = 1FAD1B9B29D12A6B0059DDA1 /* Build configuration list for PBXNativeTarget "diem" */;
			buildPhases = (
				1FAD1B7329D12A690059DDA1 /* Sources */,
				1FAD1B7429D12A690059DDA1 /* Frameworks */,
				1FAD1B7529D12A690059DDA1 /* Resources */,
				1FAD1B9A29D12A6B0059DDA1 /* Embed Watch Content */,
				1F39811429E39ADC001CDACB /* Embed Foundation Extensions */,
			);
			buildRules = (
			);
			dependencies = (
				1FAD1B8A29D12A6A0059DDA1 /* PBXTargetDependency */,
			);
			name = diem;
			productName = diem;
			productReference = 1FAD1B7729D12A690059DDA1 /* diem.app */;
			productType = "com.apple.product-type.application";
		};
		1FAD1B8629D12A6A0059DDA1 /* diem Watch App */ = {
			isa = PBXNativeTarget;
			buildConfigurationList = 1FAD1B9729D12A6B0059DDA1 /* Build configuration list for PBXNativeTarget "diem Watch App" */;
			buildPhases = (
				1FAD1B8329D12A6A0059DDA1 /* Sources */,
				1FAD1B8429D12A6A0059DDA1 /* Frameworks */,
				1FAD1B8529D12A6A0059DDA1 /* Resources */,
				1F5AD07D29D7B79A0080A373 /* Embed Foundation Extensions */,
			);
			buildRules = (
			);
			dependencies = (
				1F5AD07C29D7B79A0080A373 /* PBXTargetDependency */,
			);
			name = "diem Watch App";
			productName = "diem Watch App";
			productReference = 1FAD1B8729D12A6A0059DDA1 /* diem Watch App.app */;
			productType = "com.apple.product-type.application";
		};
		1FF0AD8F2A9C1FBE00F31BD3 /* Diem Tests */ = {
			isa = PBXNativeTarget;
			buildConfigurationList = 1FF0AD982A9C1FBE00F31BD3 /* Build configuration list for PBXNativeTarget "Diem Tests" */;
			buildPhases = (
				1FF0AD8C2A9C1FBE00F31BD3 /* Sources */,
				1FF0AD8D2A9C1FBE00F31BD3 /* Frameworks */,
				1FF0AD8E2A9C1FBE00F31BD3 /* Resources */,
			);
			buildRules = (
			);
			dependencies = (
				1FF0AD952A9C1FBE00F31BD3 /* PBXTargetDependency */,
			);
			name = "Diem Tests";
			productName = "Diem Tests";
			productReference = 1FF0AD902A9C1FBE00F31BD3 /* Diem Tests.xctest */;
			productType = "com.apple.product-type.bundle.unit-test";
		};
/* End PBXNativeTarget section */

/* Begin PBXProject section */
		1FAD1B6F29D12A690059DDA1 /* Project object */ = {
			isa = PBXProject;
			attributes = {
				BuildIndependentTargetsInParallel = 1;
				LastSwiftUpdateCheck = 1430;
				LastUpgradeCheck = 1430;
				TargetAttributes = {
					1F5AD06B29D7B7990080A373 = {
						CreatedOnToolsVersion = 14.2;
					};
					1FAD1B7629D12A690059DDA1 = {
						CreatedOnToolsVersion = 14.2;
					};
					1FAD1B8629D12A6A0059DDA1 = {
						CreatedOnToolsVersion = 14.2;
					};
					1FF0AD8F2A9C1FBE00F31BD3 = {
						CreatedOnToolsVersion = 14.3.1;
						TestTargetID = 1FAD1B7629D12A690059DDA1;
					};
				};
			};
			buildConfigurationList = 1FAD1B7229D12A690059DDA1 /* Build configuration list for PBXProject "diem" */;
			compatibilityVersion = "Xcode 14.0";
			developmentRegion = en;
			hasScannedForEncodings = 0;
			knownRegions = (
				en,
				Base,
			);
			mainGroup = 1FAD1B6E29D12A690059DDA1;
			productRefGroup = 1FAD1B7829D12A690059DDA1 /* Products */;
			projectDirPath = "";
			projectRoot = "";
			targets = (
				1FAD1B7629D12A690059DDA1 /* diem */,
				1FAD1B8629D12A6A0059DDA1 /* diem Watch App */,
				1F5AD06B29D7B7990080A373 /* widgetsExtension */,
				1FF0AD8F2A9C1FBE00F31BD3 /* Diem Tests */,
			);
		};
/* End PBXProject section */

/* Begin PBXResourcesBuildPhase section */
		1F5AD06A29D7B7990080A373 /* Resources */ = {
			isa = PBXResourcesBuildPhase;
			buildActionMask = 2147483647;
			files = (
				1F5AD07729D7B79A0080A373 /* Assets.xcassets in Resources */,
			);
			runOnlyForDeploymentPostprocessing = 0;
		};
		1FAD1B7529D12A690059DDA1 /* Resources */ = {
			isa = PBXResourcesBuildPhase;
			buildActionMask = 2147483647;
			files = (
				1F47E37829D8EFBE006B0ABD /* Assets.xcassets in Resources */,
				1FAD1B8229D12A6A0059DDA1 /* Preview Assets.xcassets in Resources */,
			);
			runOnlyForDeploymentPostprocessing = 0;
		};
		1FAD1B8529D12A6A0059DDA1 /* Resources */ = {
			isa = PBXResourcesBuildPhase;
			buildActionMask = 2147483647;
			files = (
				1F47E37729D8EFB8006B0ABD /* Assets.xcassets in Resources */,
				1FAD1B9429D12A6B0059DDA1 /* Preview Assets.xcassets in Resources */,
			);
			runOnlyForDeploymentPostprocessing = 0;
		};
		1FF0AD8E2A9C1FBE00F31BD3 /* Resources */ = {
			isa = PBXResourcesBuildPhase;
			buildActionMask = 2147483647;
			files = (
			);
			runOnlyForDeploymentPostprocessing = 0;
		};
/* End PBXResourcesBuildPhase section */

/* Begin PBXSourcesBuildPhase section */
		1F5AD06829D7B7990080A373 /* Sources */ = {
			isa = PBXSourcesBuildPhase;
			buildActionMask = 2147483647;
			files = (
				1F3980B029E0F80B001CDACB /* view.swift in Sources */,
				1F5AD08229D7B8A60080A373 /* lib.swift in Sources */,
				1F39811E29E39BFB001CDACB /* widget.swift in Sources */,
				1FF0AD8A2A9A1AA800F31BD3 /* alert.swift in Sources */,
				1F5AD07429D7B7990080A373 /* widgets.swift in Sources */,
			);
			runOnlyForDeploymentPostprocessing = 0;
		};
		1FAD1B7329D12A690059DDA1 /* Sources */ = {
			isa = PBXSourcesBuildPhase;
			buildActionMask = 2147483647;
			files = (
				1FAD1B7B29D12A690059DDA1 /* app.swift in Sources */,
				1F3980AE29E0F80B001CDACB /* view.swift in Sources */,
				1F6A345029D63C3D0073C110 /* lib.swift in Sources */,
				1FF0AD882A9A1AA800F31BD3 /* alert.swift in Sources */,
				1F39811C29E39BFB001CDACB /* widget.swift in Sources */,
				1F96981C2BF6CF9400DE9246 /* health.swift in Sources */,
			);
			runOnlyForDeploymentPostprocessing = 0;
		};
		1FAD1B8329D12A6A0059DDA1 /* Sources */ = {
			isa = PBXSourcesBuildPhase;
			buildActionMask = 2147483647;
			files = (
				1F3980AF29E0F80B001CDACB /* view.swift in Sources */,
				1F6A345129D63CEC0073C110 /* lib.swift in Sources */,
				1F39811D29E39BFB001CDACB /* widget.swift in Sources */,
				1FF0AD892A9A1AA800F31BD3 /* alert.swift in Sources */,
				1FAD1B8D29D12A6A0059DDA1 /* app.swift in Sources */,
			);
			runOnlyForDeploymentPostprocessing = 0;
		};
		1FF0AD8C2A9C1FBE00F31BD3 /* Sources */ = {
			isa = PBXSourcesBuildPhase;
			buildActionMask = 2147483647;
			files = (
				1FF0AD932A9C1FBE00F31BD3 /* dateTests.swift in Sources */,
			);
			runOnlyForDeploymentPostprocessing = 0;
		};
/* End PBXSourcesBuildPhase section */

/* Begin PBXTargetDependency section */
		1F5AD07C29D7B79A0080A373 /* PBXTargetDependency */ = {
			isa = PBXTargetDependency;
			target = 1F5AD06B29D7B7990080A373 /* widgetsExtension */;
			targetProxy = 1F5AD07B29D7B79A0080A373 /* PBXContainerItemProxy */;
		};
		1FAD1B8A29D12A6A0059DDA1 /* PBXTargetDependency */ = {
			isa = PBXTargetDependency;
			target = 1FAD1B8629D12A6A0059DDA1 /* diem Watch App */;
			targetProxy = 1FAD1B8929D12A6A0059DDA1 /* PBXContainerItemProxy */;
		};
		1FF0AD952A9C1FBE00F31BD3 /* PBXTargetDependency */ = {
			isa = PBXTargetDependency;
			target = 1FAD1B7629D12A690059DDA1 /* diem */;
			targetProxy = 1FF0AD942A9C1FBE00F31BD3 /* PBXContainerItemProxy */;
		};
/* End PBXTargetDependency section */

/* Begin XCBuildConfiguration section */
		1F5AD07F29D7B79A0080A373 /* Debug */ = {
			isa = XCBuildConfiguration;
			buildSettings = {
				ASSETCATALOG_COMPILER_GLOBAL_ACCENT_COLOR_NAME = AccentColor;
				ASSETCATALOG_COMPILER_WIDGET_BACKGROUND_COLOR_NAME = WidgetBackground;
				CODE_SIGN_STYLE = Automatic;
				CURRENT_PROJECT_VERSION = 1;
				DEVELOPMENT_TEAM = PGUSZZ68XF;
				GENERATE_INFOPLIST_FILE = YES;
				INFOPLIST_FILE = widgets/Info.plist;
				INFOPLIST_KEY_CFBundleDisplayName = widgets;
				INFOPLIST_KEY_NSHumanReadableCopyright = "";
				LD_RUNPATH_SEARCH_PATHS = (
					"$(inherited)",
					"@executable_path/Frameworks",
					"@executable_path/../../Frameworks",
					"@executable_path/../../../../Frameworks",
				);
				MARKETING_VERSION = 1.0;
				PRODUCT_BUNDLE_IDENTIFIER = com.tl.diem.watchkitapp.widgets;
				PRODUCT_NAME = "$(TARGET_NAME)";
				SDKROOT = watchos;
				SKIP_INSTALL = YES;
				SWIFT_EMIT_LOC_STRINGS = YES;
				SWIFT_VERSION = 5.0;
				TARGETED_DEVICE_FAMILY = 4;
				WATCHOS_DEPLOYMENT_TARGET = 9.1;
			};
			name = Debug;
		};
		1F5AD08029D7B79A0080A373 /* Release */ = {
			isa = XCBuildConfiguration;
			buildSettings = {
				ASSETCATALOG_COMPILER_GLOBAL_ACCENT_COLOR_NAME = AccentColor;
				ASSETCATALOG_COMPILER_WIDGET_BACKGROUND_COLOR_NAME = WidgetBackground;
				CODE_SIGN_STYLE = Automatic;
				CURRENT_PROJECT_VERSION = 1;
				DEVELOPMENT_TEAM = PGUSZZ68XF;
				GENERATE_INFOPLIST_FILE = YES;
				INFOPLIST_FILE = widgets/Info.plist;
				INFOPLIST_KEY_CFBundleDisplayName = widgets;
				INFOPLIST_KEY_NSHumanReadableCopyright = "";
				LD_RUNPATH_SEARCH_PATHS = (
					"$(inherited)",
					"@executable_path/Frameworks",
					"@executable_path/../../Frameworks",
					"@executable_path/../../../../Frameworks",
				);
				MARKETING_VERSION = 1.0;
				PRODUCT_BUNDLE_IDENTIFIER = com.tl.diem.watchkitapp.widgets;
				PRODUCT_NAME = "$(TARGET_NAME)";
				SDKROOT = watchos;
				SKIP_INSTALL = YES;
				SWIFT_EMIT_LOC_STRINGS = YES;
				SWIFT_VERSION = 5.0;
				TARGETED_DEVICE_FAMILY = 4;
				VALIDATE_PRODUCT = YES;
				WATCHOS_DEPLOYMENT_TARGET = 9.1;
			};
			name = Release;
		};
		1FAD1B9529D12A6B0059DDA1 /* Debug */ = {
			isa = XCBuildConfiguration;
			buildSettings = {
				ALWAYS_SEARCH_USER_PATHS = NO;
				CLANG_ANALYZER_NONNULL = YES;
				CLANG_ANALYZER_NUMBER_OBJECT_CONVERSION = YES_AGGRESSIVE;
				CLANG_CXX_LANGUAGE_STANDARD = "gnu++20";
				CLANG_ENABLE_MODULES = YES;
				CLANG_ENABLE_OBJC_ARC = YES;
				CLANG_ENABLE_OBJC_WEAK = YES;
				CLANG_WARN_BLOCK_CAPTURE_AUTORELEASING = YES;
				CLANG_WARN_BOOL_CONVERSION = YES;
				CLANG_WARN_COMMA = YES;
				CLANG_WARN_CONSTANT_CONVERSION = YES;
				CLANG_WARN_DEPRECATED_OBJC_IMPLEMENTATIONS = YES;
				CLANG_WARN_DIRECT_OBJC_ISA_USAGE = YES_ERROR;
				CLANG_WARN_DOCUMENTATION_COMMENTS = YES;
				CLANG_WARN_EMPTY_BODY = YES;
				CLANG_WARN_ENUM_CONVERSION = YES;
				CLANG_WARN_INFINITE_RECURSION = YES;
				CLANG_WARN_INT_CONVERSION = YES;
				CLANG_WARN_NON_LITERAL_NULL_CONVERSION = YES;
				CLANG_WARN_OBJC_IMPLICIT_RETAIN_SELF = YES;
				CLANG_WARN_OBJC_LITERAL_CONVERSION = YES;
				CLANG_WARN_OBJC_ROOT_CLASS = YES_ERROR;
				CLANG_WARN_QUOTED_INCLUDE_IN_FRAMEWORK_HEADER = YES;
				CLANG_WARN_RANGE_LOOP_ANALYSIS = YES;
				CLANG_WARN_STRICT_PROTOTYPES = YES;
				CLANG_WARN_SUSPICIOUS_MOVE = YES;
				CLANG_WARN_UNGUARDED_AVAILABILITY = YES_AGGRESSIVE;
				CLANG_WARN_UNREACHABLE_CODE = YES;
				CLANG_WARN__DUPLICATE_METHOD_MATCH = YES;
				COPY_PHASE_STRIP = NO;
				DEAD_CODE_STRIPPING = YES;
				DEBUG_INFORMATION_FORMAT = dwarf;
				ENABLE_STRICT_OBJC_MSGSEND = YES;
				ENABLE_TESTABILITY = YES;
				GCC_C_LANGUAGE_STANDARD = gnu11;
				GCC_DYNAMIC_NO_PIC = NO;
				GCC_NO_COMMON_BLOCKS = YES;
				GCC_OPTIMIZATION_LEVEL = 0;
				GCC_PREPROCESSOR_DEFINITIONS = (
					"DEBUG=1",
					"$(inherited)",
				);
				GCC_WARN_64_TO_32_BIT_CONVERSION = YES;
				GCC_WARN_ABOUT_RETURN_TYPE = YES_ERROR;
				GCC_WARN_UNDECLARED_SELECTOR = YES;
				GCC_WARN_UNINITIALIZED_AUTOS = YES_AGGRESSIVE;
				GCC_WARN_UNUSED_FUNCTION = YES;
				GCC_WARN_UNUSED_VARIABLE = YES;
				MTL_ENABLE_DEBUG_INFO = INCLUDE_SOURCE;
				MTL_FAST_MATH = YES;
				ONLY_ACTIVE_ARCH = YES;
				SWIFT_ACTIVE_COMPILATION_CONDITIONS = DEBUG;
				SWIFT_OPTIMIZATION_LEVEL = "-Onone";
			};
			name = Debug;
		};
		1FAD1B9629D12A6B0059DDA1 /* Release */ = {
			isa = XCBuildConfiguration;
			buildSettings = {
				ALWAYS_SEARCH_USER_PATHS = NO;
				CLANG_ANALYZER_NONNULL = YES;
				CLANG_ANALYZER_NUMBER_OBJECT_CONVERSION = YES_AGGRESSIVE;
				CLANG_CXX_LANGUAGE_STANDARD = "gnu++20";
				CLANG_ENABLE_MODULES = YES;
				CLANG_ENABLE_OBJC_ARC = YES;
				CLANG_ENABLE_OBJC_WEAK = YES;
				CLANG_WARN_BLOCK_CAPTURE_AUTORELEASING = YES;
				CLANG_WARN_BOOL_CONVERSION = YES;
				CLANG_WARN_COMMA = YES;
				CLANG_WARN_CONSTANT_CONVERSION = YES;
				CLANG_WARN_DEPRECATED_OBJC_IMPLEMENTATIONS = YES;
				CLANG_WARN_DIRECT_OBJC_ISA_USAGE = YES_ERROR;
				CLANG_WARN_DOCUMENTATION_COMMENTS = YES;
				CLANG_WARN_EMPTY_BODY = YES;
				CLANG_WARN_ENUM_CONVERSION = YES;
				CLANG_WARN_INFINITE_RECURSION = YES;
				CLANG_WARN_INT_CONVERSION = YES;
				CLANG_WARN_NON_LITERAL_NULL_CONVERSION = YES;
				CLANG_WARN_OBJC_IMPLICIT_RETAIN_SELF = YES;
				CLANG_WARN_OBJC_LITERAL_CONVERSION = YES;
				CLANG_WARN_OBJC_ROOT_CLASS = YES_ERROR;
				CLANG_WARN_QUOTED_INCLUDE_IN_FRAMEWORK_HEADER = YES;
				CLANG_WARN_RANGE_LOOP_ANALYSIS = YES;
				CLANG_WARN_STRICT_PROTOTYPES = YES;
				CLANG_WARN_SUSPICIOUS_MOVE = YES;
				CLANG_WARN_UNGUARDED_AVAILABILITY = YES_AGGRESSIVE;
				CLANG_WARN_UNREACHABLE_CODE = YES;
				CLANG_WARN__DUPLICATE_METHOD_MATCH = YES;
				COPY_PHASE_STRIP = NO;
				DEAD_CODE_STRIPPING = YES;
				DEBUG_INFORMATION_FORMAT = "dwarf-with-dsym";
				ENABLE_NS_ASSERTIONS = NO;
				ENABLE_STRICT_OBJC_MSGSEND = YES;
				GCC_C_LANGUAGE_STANDARD = gnu11;
				GCC_NO_COMMON_BLOCKS = YES;
				GCC_WARN_64_TO_32_BIT_CONVERSION = YES;
				GCC_WARN_ABOUT_RETURN_TYPE = YES_ERROR;
				GCC_WARN_UNDECLARED_SELECTOR = YES;
				GCC_WARN_UNINITIALIZED_AUTOS = YES_AGGRESSIVE;
				GCC_WARN_UNUSED_FUNCTION = YES;
				GCC_WARN_UNUSED_VARIABLE = YES;
				MTL_ENABLE_DEBUG_INFO = NO;
				MTL_FAST_MATH = YES;
				SWIFT_COMPILATION_MODE = wholemodule;
				SWIFT_OPTIMIZATION_LEVEL = "-O";
			};
			name = Release;
		};
		1FAD1B9829D12A6B0059DDA1 /* Debug */ = {
			isa = XCBuildConfiguration;
			buildSettings = {
				ALWAYS_EMBED_SWIFT_STANDARD_LIBRARIES = YES;
				ASSETCATALOG_COMPILER_APPICON_NAME = AppIcon;
				ASSETCATALOG_COMPILER_GLOBAL_ACCENT_COLOR_NAME = AccentColor;
				CODE_SIGN_STYLE = Automatic;
				CURRENT_PROJECT_VERSION = 1;
				DEVELOPMENT_ASSET_PATHS = "\"watchOS/Preview Content\"";
				DEVELOPMENT_TEAM = PGUSZZ68XF;
				ENABLE_PREVIEWS = YES;
				GENERATE_INFOPLIST_FILE = YES;
				INFOPLIST_FILE = "diem-Watch-App-Info.plist";
				INFOPLIST_KEY_CFBundleDisplayName = diem;
				INFOPLIST_KEY_UISupportedInterfaceOrientations = "UIInterfaceOrientationPortrait UIInterfaceOrientationPortraitUpsideDown";
				INFOPLIST_KEY_WKCompanionAppBundleIdentifier = com.tl.diem;
				LD_RUNPATH_SEARCH_PATHS = (
					"$(inherited)",
					"@executable_path/Frameworks",
				);
				MARKETING_VERSION = 1.0;
				PRODUCT_BUNDLE_IDENTIFIER = com.tl.diem.watchkitapp;
				PRODUCT_NAME = "$(TARGET_NAME)";
				SDKROOT = watchos;
				SKIP_INSTALL = YES;
				SWIFT_EMIT_LOC_STRINGS = YES;
				SWIFT_VERSION = 5.0;
				TARGETED_DEVICE_FAMILY = 4;
				WATCHOS_DEPLOYMENT_TARGET = 9.1;
			};
			name = Debug;
		};
		1FAD1B9929D12A6B0059DDA1 /* Release */ = {
			isa = XCBuildConfiguration;
			buildSettings = {
				ALWAYS_EMBED_SWIFT_STANDARD_LIBRARIES = YES;
				ASSETCATALOG_COMPILER_APPICON_NAME = AppIcon;
				ASSETCATALOG_COMPILER_GLOBAL_ACCENT_COLOR_NAME = AccentColor;
				CODE_SIGN_STYLE = Automatic;
				CURRENT_PROJECT_VERSION = 1;
				DEVELOPMENT_ASSET_PATHS = "\"watchOS/Preview Content\"";
				DEVELOPMENT_TEAM = PGUSZZ68XF;
				ENABLE_PREVIEWS = YES;
				GENERATE_INFOPLIST_FILE = YES;
				INFOPLIST_FILE = "diem-Watch-App-Info.plist";
				INFOPLIST_KEY_CFBundleDisplayName = diem;
				INFOPLIST_KEY_UISupportedInterfaceOrientations = "UIInterfaceOrientationPortrait UIInterfaceOrientationPortraitUpsideDown";
				INFOPLIST_KEY_WKCompanionAppBundleIdentifier = com.tl.diem;
				LD_RUNPATH_SEARCH_PATHS = (
					"$(inherited)",
					"@executable_path/Frameworks",
				);
				MARKETING_VERSION = 1.0;
				PRODUCT_BUNDLE_IDENTIFIER = com.tl.diem.watchkitapp;
				PRODUCT_NAME = "$(TARGET_NAME)";
				SDKROOT = watchos;
				SKIP_INSTALL = YES;
				SWIFT_EMIT_LOC_STRINGS = YES;
				SWIFT_VERSION = 5.0;
				TARGETED_DEVICE_FAMILY = 4;
				VALIDATE_PRODUCT = YES;
				WATCHOS_DEPLOYMENT_TARGET = 9.1;
			};
			name = Release;
		};
		1FAD1B9C29D12A6B0059DDA1 /* Debug */ = {
			isa = XCBuildConfiguration;
			buildSettings = {
				ALWAYS_EMBED_SWIFT_STANDARD_LIBRARIES = YES;
				ASSETCATALOG_COMPILER_APPICON_NAME = AppIcon;
				ASSETCATALOG_COMPILER_GLOBAL_ACCENT_COLOR_NAME = AccentColor;
				CODE_SIGN_ENTITLEMENTS = diem.entitlements;
				CODE_SIGN_STYLE = Automatic;
				CURRENT_PROJECT_VERSION = 1;
				DEVELOPMENT_ASSET_PATHS = "\"iOS/Preview Content\"";
				DEVELOPMENT_TEAM = PGUSZZ68XF;
				ENABLE_PREVIEWS = YES;
				GENERATE_INFOPLIST_FILE = YES;
				INFOPLIST_FILE = "diem-Info.plist";
				INFOPLIST_KEY_CFBundleDisplayName = Diem;
				INFOPLIST_KEY_LSApplicationCategoryType = "public.app-category.utilities";
				INFOPLIST_KEY_UIApplicationSceneManifest_Generation = YES;
				INFOPLIST_KEY_UIApplicationSupportsIndirectInputEvents = YES;
				INFOPLIST_KEY_UILaunchScreen_Generation = YES;
				INFOPLIST_KEY_UISupportedInterfaceOrientations_iPad = "UIInterfaceOrientationPortrait UIInterfaceOrientationPortraitUpsideDown UIInterfaceOrientationLandscapeLeft UIInterfaceOrientationLandscapeRight";
				INFOPLIST_KEY_UISupportedInterfaceOrientations_iPhone = "UIInterfaceOrientationPortrait UIInterfaceOrientationLandscapeLeft UIInterfaceOrientationLandscapeRight";
				IPHONEOS_DEPLOYMENT_TARGET = 16.2;
				LD_RUNPATH_SEARCH_PATHS = (
					"$(inherited)",
					"@executable_path/Frameworks",
				);
				MARKETING_VERSION = 1.0;
				PRODUCT_BUNDLE_IDENTIFIER = com.tl.diem;
				PRODUCT_NAME = "$(TARGET_NAME)";
				SDKROOT = iphoneos;
				SWIFT_EMIT_LOC_STRINGS = YES;
				SWIFT_VERSION = 5.0;
				TARGETED_DEVICE_FAMILY = "1,2";
			};
			name = Debug;
		};
		1FAD1B9D29D12A6B0059DDA1 /* Release */ = {
			isa = XCBuildConfiguration;
			buildSettings = {
				ALWAYS_EMBED_SWIFT_STANDARD_LIBRARIES = YES;
				ASSETCATALOG_COMPILER_APPICON_NAME = AppIcon;
				ASSETCATALOG_COMPILER_GLOBAL_ACCENT_COLOR_NAME = AccentColor;
				CODE_SIGN_ENTITLEMENTS = diem.entitlements;
				CODE_SIGN_STYLE = Automatic;
				CURRENT_PROJECT_VERSION = 1;
				DEVELOPMENT_ASSET_PATHS = "\"iOS/Preview Content\"";
				DEVELOPMENT_TEAM = PGUSZZ68XF;
				ENABLE_PREVIEWS = YES;
				GENERATE_INFOPLIST_FILE = YES;
				INFOPLIST_FILE = "diem-Info.plist";
				INFOPLIST_KEY_CFBundleDisplayName = Diem;
				INFOPLIST_KEY_LSApplicationCategoryType = "public.app-category.utilities";
				INFOPLIST_KEY_UIApplicationSceneManifest_Generation = YES;
				INFOPLIST_KEY_UIApplicationSupportsIndirectInputEvents = YES;
				INFOPLIST_KEY_UILaunchScreen_Generation = YES;
				INFOPLIST_KEY_UISupportedInterfaceOrientations_iPad = "UIInterfaceOrientationPortrait UIInterfaceOrientationPortraitUpsideDown UIInterfaceOrientationLandscapeLeft UIInterfaceOrientationLandscapeRight";
				INFOPLIST_KEY_UISupportedInterfaceOrientations_iPhone = "UIInterfaceOrientationPortrait UIInterfaceOrientationLandscapeLeft UIInterfaceOrientationLandscapeRight";
				IPHONEOS_DEPLOYMENT_TARGET = 16.2;
				LD_RUNPATH_SEARCH_PATHS = (
					"$(inherited)",
					"@executable_path/Frameworks",
				);
				MARKETING_VERSION = 1.0;
				PRODUCT_BUNDLE_IDENTIFIER = com.tl.diem;
				PRODUCT_NAME = "$(TARGET_NAME)";
				SDKROOT = iphoneos;
				SWIFT_EMIT_LOC_STRINGS = YES;
				SWIFT_VERSION = 5.0;
				TARGETED_DEVICE_FAMILY = "1,2";
				VALIDATE_PRODUCT = YES;
			};
			name = Release;
		};
		1FF0AD962A9C1FBE00F31BD3 /* Debug */ = {
			isa = XCBuildConfiguration;
			buildSettings = {
				BUNDLE_LOADER = "$(TEST_HOST)";
				CODE_SIGN_STYLE = Automatic;
				CURRENT_PROJECT_VERSION = 1;
				DEVELOPMENT_TEAM = PGUSZZ68XF;
				GENERATE_INFOPLIST_FILE = YES;
				IPHONEOS_DEPLOYMENT_TARGET = 16.4;
				MARKETING_VERSION = 1.0;
				PRODUCT_BUNDLE_IDENTIFIER = "com.tl.Diem-Tests";
				PRODUCT_NAME = "$(TARGET_NAME)";
				SDKROOT = iphoneos;
				SWIFT_EMIT_LOC_STRINGS = NO;
				SWIFT_VERSION = 5.0;
				TARGETED_DEVICE_FAMILY = "1,2";
				TEST_HOST = "$(BUILT_PRODUCTS_DIR)/diem.app/$(BUNDLE_EXECUTABLE_FOLDER_PATH)/diem";
			};
			name = Debug;
		};
		1FF0AD972A9C1FBE00F31BD3 /* Release */ = {
			isa = XCBuildConfiguration;
			buildSettings = {
				BUNDLE_LOADER = "$(TEST_HOST)";
				CODE_SIGN_STYLE = Automatic;
				CURRENT_PROJECT_VERSION = 1;
				DEVELOPMENT_TEAM = PGUSZZ68XF;
				GENERATE_INFOPLIST_FILE = YES;
				IPHONEOS_DEPLOYMENT_TARGET = 16.4;
				MARKETING_VERSION = 1.0;
				PRODUCT_BUNDLE_IDENTIFIER = "com.tl.Diem-Tests";
				PRODUCT_NAME = "$(TARGET_NAME)";
				SDKROOT = iphoneos;
				SWIFT_EMIT_LOC_STRINGS = NO;
				SWIFT_VERSION = 5.0;
				TARGETED_DEVICE_FAMILY = "1,2";
				TEST_HOST = "$(BUILT_PRODUCTS_DIR)/diem.app/$(BUNDLE_EXECUTABLE_FOLDER_PATH)/diem";
				VALIDATE_PRODUCT = YES;
			};
			name = Release;
		};
/* End XCBuildConfiguration section */

/* Begin XCConfigurationList section */
		1F5AD08129D7B79A0080A373 /* Build configuration list for PBXNativeTarget "widgetsExtension" */ = {
			isa = XCConfigurationList;
			buildConfigurations = (
				1F5AD07F29D7B79A0080A373 /* Debug */,
				1F5AD08029D7B79A0080A373 /* Release */,
			);
			defaultConfigurationIsVisible = 0;
			defaultConfigurationName = Release;
		};
		1FAD1B7229D12A690059DDA1 /* Build configuration list for PBXProject "diem" */ = {
			isa = XCConfigurationList;
			buildConfigurations = (
				1FAD1B9529D12A6B0059DDA1 /* Debug */,
				1FAD1B9629D12A6B0059DDA1 /* Release */,
			);
			defaultConfigurationIsVisible = 0;
			defaultConfigurationName = Release;
		};
		1FAD1B9729D12A6B0059DDA1 /* Build configuration list for PBXNativeTarget "diem Watch App" */ = {
			isa = XCConfigurationList;
			buildConfigurations = (
				1FAD1B9829D12A6B0059DDA1 /* Debug */,
				1FAD1B9929D12A6B0059DDA1 /* Release */,
			);
			defaultConfigurationIsVisible = 0;
			defaultConfigurationName = Release;
		};
		1FAD1B9B29D12A6B0059DDA1 /* Build configuration list for PBXNativeTarget "diem" */ = {
			isa = XCConfigurationList;
			buildConfigurations = (
				1FAD1B9C29D12A6B0059DDA1 /* Debug */,
				1FAD1B9D29D12A6B0059DDA1 /* Release */,
			);
			defaultConfigurationIsVisible = 0;
			defaultConfigurationName = Release;
		};
		1FF0AD982A9C1FBE00F31BD3 /* Build configuration list for PBXNativeTarget "Diem Tests" */ = {
			isa = XCConfigurationList;
			buildConfigurations = (
				1FF0AD962A9C1FBE00F31BD3 /* Debug */,
				1FF0AD972A9C1FBE00F31BD3 /* Release */,
			);
			defaultConfigurationIsVisible = 0;
			defaultConfigurationName = Release;
		};
/* End XCConfigurationList section */
	};
	rootObject = 1FAD1B6F29D12A690059DDA1 /* Project object */;
}
