// !$*UTF8*$!
{
	archiveVersion = 1;
	classes = {
	};
	objectVersion = 56;
	objects = {

/* Begin PBXBuildFile section */
		1F2DD9A62D3F291F003C3F34 /* Event.swift in Sources */ = {isa = PBXBuildFile; fileRef = 1F2DD9A52D3F291F003C3F34 /* Event.swift */; };
		1F44F4412CAF3FF7001D018B /* Diem Phone Widgets.appex in Embed Foundation Extensions */ = {isa = PBXBuildFile; fileRef = 1F64F0772C5B053E0066C559 /* Diem Phone Widgets.appex */; settings = {ATTRIBUTES = (RemoveHeadersOnCopy, ); }; };
		1F64F0702C5B053E0066C559 /* SwiftUI.framework in Frameworks */ = {isa = PBXBuildFile; fileRef = 1F5AD07029D7B7990080A373 /* SwiftUI.framework */; };
		1F64F0712C5B053E0066C559 /* WidgetKit.framework in Frameworks */ = {isa = PBXBuildFile; fileRef = 1F5AD06E29D7B7990080A373 /* WidgetKit.framework */; };
		1F64F0852C5B07FD0066C559 /* SwiftUI.framework in Frameworks */ = {isa = PBXBuildFile; fileRef = 1F5AD07029D7B7990080A373 /* SwiftUI.framework */; };
		1F64F0862C5B07FD0066C559 /* WidgetKit.framework in Frameworks */ = {isa = PBXBuildFile; fileRef = 1F5AD06E29D7B7990080A373 /* WidgetKit.framework */; };
		1F64F0982C5B08C60066C559 /* lib.swift in Sources */ = {isa = PBXBuildFile; fileRef = 1F64F08F2C5B08C60066C559 /* lib.swift */; };
		1F64F0992C5B08C60066C559 /* lib.swift in Sources */ = {isa = PBXBuildFile; fileRef = 1F64F08F2C5B08C60066C559 /* lib.swift */; };
		1F64F09A2C5B08C60066C559 /* lib.swift in Sources */ = {isa = PBXBuildFile; fileRef = 1F64F08F2C5B08C60066C559 /* lib.swift */; };
		1F64F09B2C5B08C60066C559 /* lib.swift in Sources */ = {isa = PBXBuildFile; fileRef = 1F64F08F2C5B08C60066C559 /* lib.swift */; };
		1F64F09C2C5B08C60066C559 /* lib.swift in Sources */ = {isa = PBXBuildFile; fileRef = 1F64F08F2C5B08C60066C559 /* lib.swift */; };
		1F64F09D2C5B08C60066C559 /* Localizable.xcstrings in Resources */ = {isa = PBXBuildFile; fileRef = 1F64F0902C5B08C60066C559 /* Localizable.xcstrings */; };
		1F64F09E2C5B08C60066C559 /* Localizable.xcstrings in Resources */ = {isa = PBXBuildFile; fileRef = 1F64F0902C5B08C60066C559 /* Localizable.xcstrings */; };
		1F64F09F2C5B08C60066C559 /* Localizable.xcstrings in Resources */ = {isa = PBXBuildFile; fileRef = 1F64F0902C5B08C60066C559 /* Localizable.xcstrings */; };
		1F64F0A02C5B08C60066C559 /* Localizable.xcstrings in Resources */ = {isa = PBXBuildFile; fileRef = 1F64F0902C5B08C60066C559 /* Localizable.xcstrings */; };
		1F64F0A12C5B08C60066C559 /* Localizable.xcstrings in Resources */ = {isa = PBXBuildFile; fileRef = 1F64F0902C5B08C60066C559 /* Localizable.xcstrings */; };
		1F64F0A22C5B08C60066C559 /* DiemHealthKitTypes.swift in Sources */ = {isa = PBXBuildFile; fileRef = 1F64F0912C5B08C60066C559 /* DiemHealthKitTypes.swift */; };
		1F64F0A32C5B08C60066C559 /* DiemHealthKitTypes.swift in Sources */ = {isa = PBXBuildFile; fileRef = 1F64F0912C5B08C60066C559 /* DiemHealthKitTypes.swift */; };
		1F64F0A42C5B08C60066C559 /* DiemHealthKitTypes.swift in Sources */ = {isa = PBXBuildFile; fileRef = 1F64F0912C5B08C60066C559 /* DiemHealthKitTypes.swift */; };
		1F64F0A52C5B08C60066C559 /* DiemHealthKitTypes.swift in Sources */ = {isa = PBXBuildFile; fileRef = 1F64F0912C5B08C60066C559 /* DiemHealthKitTypes.swift */; };
		1F64F0A62C5B08C60066C559 /* DiemHealthKitTypes.swift in Sources */ = {isa = PBXBuildFile; fileRef = 1F64F0912C5B08C60066C559 /* DiemHealthKitTypes.swift */; };
		1F64F0A72C5B08C60066C559 /* view.swift in Sources */ = {isa = PBXBuildFile; fileRef = 1F64F0922C5B08C60066C559 /* view.swift */; };
		1F64F0A82C5B08C60066C559 /* view.swift in Sources */ = {isa = PBXBuildFile; fileRef = 1F64F0922C5B08C60066C559 /* view.swift */; };
		1F64F0A92C5B08C60066C559 /* view.swift in Sources */ = {isa = PBXBuildFile; fileRef = 1F64F0922C5B08C60066C559 /* view.swift */; };
		1F64F0AA2C5B08C60066C559 /* view.swift in Sources */ = {isa = PBXBuildFile; fileRef = 1F64F0922C5B08C60066C559 /* view.swift */; };
		1F64F0AB2C5B08C60066C559 /* view.swift in Sources */ = {isa = PBXBuildFile; fileRef = 1F64F0922C5B08C60066C559 /* view.swift */; };
		1F64F0AC2C5B08C60066C559 /* widget.swift in Sources */ = {isa = PBXBuildFile; fileRef = 1F64F0932C5B08C60066C559 /* widget.swift */; };
		1F64F0AD2C5B08C60066C559 /* widget.swift in Sources */ = {isa = PBXBuildFile; fileRef = 1F64F0932C5B08C60066C559 /* widget.swift */; };
		1F64F0AE2C5B08C60066C559 /* widget.swift in Sources */ = {isa = PBXBuildFile; fileRef = 1F64F0932C5B08C60066C559 /* widget.swift */; };
		1F64F0AF2C5B08C60066C559 /* widget.swift in Sources */ = {isa = PBXBuildFile; fileRef = 1F64F0932C5B08C60066C559 /* widget.swift */; };
		1F64F0B02C5B08C60066C559 /* widget.swift in Sources */ = {isa = PBXBuildFile; fileRef = 1F64F0932C5B08C60066C559 /* widget.swift */; };
		1F64F0B12C5B08C60066C559 /* health.csv in Resources */ = {isa = PBXBuildFile; fileRef = 1F64F0952C5B08C60066C559 /* health.csv */; };
		1F64F0B22C5B08C60066C559 /* health.csv in Resources */ = {isa = PBXBuildFile; fileRef = 1F64F0952C5B08C60066C559 /* health.csv */; };
		1F64F0B32C5B08C60066C559 /* health.csv in Resources */ = {isa = PBXBuildFile; fileRef = 1F64F0952C5B08C60066C559 /* health.csv */; };
		1F64F0B42C5B08C60066C559 /* health.csv in Resources */ = {isa = PBXBuildFile; fileRef = 1F64F0952C5B08C60066C559 /* health.csv */; };
		1F64F0B52C5B08C60066C559 /* health.csv in Resources */ = {isa = PBXBuildFile; fileRef = 1F64F0952C5B08C60066C559 /* health.csv */; };
		1F64F0B62C5B08C60066C559 /* alert.swift in Sources */ = {isa = PBXBuildFile; fileRef = 1F64F0962C5B08C60066C559 /* alert.swift */; };
		1F64F0B72C5B08C60066C559 /* alert.swift in Sources */ = {isa = PBXBuildFile; fileRef = 1F64F0962C5B08C60066C559 /* alert.swift */; };
		1F64F0B82C5B08C60066C559 /* alert.swift in Sources */ = {isa = PBXBuildFile; fileRef = 1F64F0962C5B08C60066C559 /* alert.swift */; };
		1F64F0B92C5B08C60066C559 /* alert.swift in Sources */ = {isa = PBXBuildFile; fileRef = 1F64F0962C5B08C60066C559 /* alert.swift */; };
		1F64F0BA2C5B08C60066C559 /* alert.swift in Sources */ = {isa = PBXBuildFile; fileRef = 1F64F0962C5B08C60066C559 /* alert.swift */; };
		1F64F0BB2C5B08C60066C559 /* Assets.xcassets in Resources */ = {isa = PBXBuildFile; fileRef = 1F64F0972C5B08C60066C559 /* Assets.xcassets */; };
		1F64F0BC2C5B08C60066C559 /* Assets.xcassets in Resources */ = {isa = PBXBuildFile; fileRef = 1F64F0972C5B08C60066C559 /* Assets.xcassets */; };
		1F64F0BD2C5B08C60066C559 /* Assets.xcassets in Resources */ = {isa = PBXBuildFile; fileRef = 1F64F0972C5B08C60066C559 /* Assets.xcassets */; };
		1F64F0BE2C5B08C60066C559 /* Assets.xcassets in Resources */ = {isa = PBXBuildFile; fileRef = 1F64F0972C5B08C60066C559 /* Assets.xcassets */; };
		1F64F0BF2C5B08C60066C559 /* Assets.xcassets in Resources */ = {isa = PBXBuildFile; fileRef = 1F64F0972C5B08C60066C559 /* Assets.xcassets */; };
		1F64F0C22C5B08E60066C559 /* dateTests.swift in Sources */ = {isa = PBXBuildFile; fileRef = 1F64F0C12C5B08E60066C559 /* dateTests.swift */; };
		1F64F0CB2C5B091E0066C559 /* DiemApp.swift in Sources */ = {isa = PBXBuildFile; fileRef = 1F64F0C72C5B091E0066C559 /* DiemApp.swift */; };
		1F64F0CC2C5B091E0066C559 /* health.swift in Sources */ = {isa = PBXBuildFile; fileRef = 1F64F0C82C5B091E0066C559 /* health.swift */; };
		1F64F0D02C5B09650066C559 /* DiemWatchApp.swift in Sources */ = {isa = PBXBuildFile; fileRef = 1F64F0CE2C5B09650066C559 /* DiemWatchApp.swift */; };
		1F64F0D62C5B09D80066C559 /* Info-Watch-Widgets.plist in Resources */ = {isa = PBXBuildFile; fileRef = 1F64F0D32C5B09D80066C559 /* Info-Watch-Widgets.plist */; };
		1F64F0D92C5B09D80066C559 /* Info-Phone-Widgets.plist in Resources */ = {isa = PBXBuildFile; fileRef = 1F64F0D42C5B09D80066C559 /* Info-Phone-Widgets.plist */; };
		1F64F0DA2C5B09D80066C559 /* iOSWidgets.swift in Sources */ = {isa = PBXBuildFile; fileRef = 1F64F0D52C5B09D80066C559 /* iOSWidgets.swift */; };
		1F84C8092CB24138004BB77A /* WatchWidgets.swift in Sources */ = {isa = PBXBuildFile; fileRef = 1F84C8072CB24138004BB77A /* WatchWidgets.swift */; };
		1F84C80A2CB2423D004BB77A /* Diem Watch Widgets.appex in Embed Foundation Extensions */ = {isa = PBXBuildFile; fileRef = 1F64F08C2C5B07FD0066C559 /* Diem Watch Widgets.appex */; settings = {ATTRIBUTES = (RemoveHeadersOnCopy, ); }; };
		1FA8DC242C8D0DE200B4907B /* Workouts.swift in Sources */ = {isa = PBXBuildFile; fileRef = 1FA8DC232C8D0DE200B4907B /* Workouts.swift */; };
		1FA8DC262C8E82F600B4907B /* Date.swift in Sources */ = {isa = PBXBuildFile; fileRef = 1FA8DC252C8E82F600B4907B /* Date.swift */; };
		1FAD1B8829D12A6A0059DDA1 /* Diem Watch.app in Embed Watch Content */ = {isa = PBXBuildFile; fileRef = 1FAD1B8729D12A6A0059DDA1 /* Diem Watch.app */; settings = {ATTRIBUTES = (RemoveHeadersOnCopy, ); }; };
		1FD356D62D2CA1460025F7D6 /* WidgetPreviewView.swift in Sources */ = {isa = PBXBuildFile; fileRef = 1FD356D52D2CA1370025F7D6 /* WidgetPreviewView.swift */; };
		1FD356D82D2E158D0025F7D6 /* DatePickerView.swift in Sources */ = {isa = PBXBuildFile; fileRef = 1FD356D72D2E155E0025F7D6 /* DatePickerView.swift */; };
		1FD356DA2D320F680025F7D6 /* HealthView.swift in Sources */ = {isa = PBXBuildFile; fileRef = 1FD356D92D320F640025F7D6 /* HealthView.swift */; };
/* End PBXBuildFile section */

/* Begin PBXContainerItemProxy section */
		1F44F4422CAF3FF7001D018B /* PBXContainerItemProxy */ = {
			isa = PBXContainerItemProxy;
			containerPortal = 1FAD1B6F29D12A690059DDA1 /* Project object */;
			proxyType = 1;
			remoteGlobalIDString = 1F64F0682C5B053E0066C559;
			remoteInfo = "Diem Phone Widgets";
		};
		1F64F07B2C5B05D20066C559 /* PBXContainerItemProxy */ = {
			isa = PBXContainerItemProxy;
			containerPortal = 1FAD1B6F29D12A690059DDA1 /* Project object */;
			proxyType = 1;
			remoteGlobalIDString = 1F64F0682C5B053E0066C559;
			remoteInfo = "Diem Phone Widgets";
		};
		1F84C80B2CB2423D004BB77A /* PBXContainerItemProxy */ = {
			isa = PBXContainerItemProxy;
			containerPortal = 1FAD1B6F29D12A690059DDA1 /* Project object */;
			proxyType = 1;
			remoteGlobalIDString = 1F64F07D2C5B07FD0066C559;
			remoteInfo = "Diem Watch Widgets";
		};
		1FAD1B8929D12A6A0059DDA1 /* PBXContainerItemProxy */ = {
			isa = PBXContainerItemProxy;
			containerPortal = 1FAD1B6F29D12A690059DDA1 /* Project object */;
			proxyType = 1;
			remoteGlobalIDString = 1FAD1B8629D12A6A0059DDA1;
			remoteInfo = "diem Watch App";
		};
		1FF0AD942A9C1FBE00F31BD3 /* PBXContainerItemProxy */ = {
			isa = PBXContainerItemProxy;
			containerPortal = 1FAD1B6F29D12A690059DDA1 /* Project object */;
			proxyType = 1;
			remoteGlobalIDString = 1FAD1B7629D12A690059DDA1;
			remoteInfo = diem;
		};
/* End PBXContainerItemProxy section */

/* Begin PBXCopyFilesBuildPhase section */
		1F39811429E39ADC001CDACB /* Embed Foundation Extensions */ = {
			isa = PBXCopyFilesBuildPhase;
			buildActionMask = 2147483647;
			dstPath = "";
			dstSubfolderSpec = 13;
			files = (
				1F44F4412CAF3FF7001D018B /* Diem Phone Widgets.appex in Embed Foundation Extensions */,
			);
			name = "Embed Foundation Extensions";
			runOnlyForDeploymentPostprocessing = 0;
		};
		1F5AD07D29D7B79A0080A373 /* Embed Foundation Extensions */ = {
			isa = PBXCopyFilesBuildPhase;
			buildActionMask = 2147483647;
			dstPath = "";
			dstSubfolderSpec = 13;
			files = (
				1F84C80A2CB2423D004BB77A /* Diem Watch Widgets.appex in Embed Foundation Extensions */,
			);
			name = "Embed Foundation Extensions";
			runOnlyForDeploymentPostprocessing = 0;
		};
		1FAD1B9A29D12A6B0059DDA1 /* Embed Watch Content */ = {
			isa = PBXCopyFilesBuildPhase;
			buildActionMask = 2147483647;
			dstPath = "$(CONTENTS_FOLDER_PATH)/Watch";
			dstSubfolderSpec = 16;
			files = (
				1FAD1B8829D12A6A0059DDA1 /* Diem Watch.app in Embed Watch Content */,
			);
			name = "Embed Watch Content";
			runOnlyForDeploymentPostprocessing = 0;
		};
/* End PBXCopyFilesBuildPhase section */

/* Begin PBXFileReference section */
		1F2DD9A52D3F291F003C3F34 /* Event.swift */ = {isa = PBXFileReference; lastKnownFileType = sourcecode.swift; path = Event.swift; sourceTree = "<group>"; };
		1F5AD06E29D7B7990080A373 /* WidgetKit.framework */ = {isa = PBXFileReference; lastKnownFileType = wrapper.framework; name = WidgetKit.framework; path = System/Library/Frameworks/WidgetKit.framework; sourceTree = SDKROOT; };
		1F5AD07029D7B7990080A373 /* SwiftUI.framework */ = {isa = PBXFileReference; lastKnownFileType = wrapper.framework; name = SwiftUI.framework; path = System/Library/Frameworks/SwiftUI.framework; sourceTree = SDKROOT; };
		1F64F0772C5B053E0066C559 /* Diem Phone Widgets.appex */ = {isa = PBXFileReference; explicitFileType = "wrapper.app-extension"; includeInIndex = 0; path = "Diem Phone Widgets.appex"; sourceTree = BUILT_PRODUCTS_DIR; };
		1F64F08C2C5B07FD0066C559 /* Diem Watch Widgets.appex */ = {isa = PBXFileReference; explicitFileType = "wrapper.app-extension"; includeInIndex = 0; path = "Diem Watch Widgets.appex"; sourceTree = BUILT_PRODUCTS_DIR; };
		1F64F08F2C5B08C60066C559 /* lib.swift */ = {isa = PBXFileReference; fileEncoding = 4; lastKnownFileType = sourcecode.swift; path = lib.swift; sourceTree = "<group>"; };
		1F64F0902C5B08C60066C559 /* Localizable.xcstrings */ = {isa = PBXFileReference; fileEncoding = 4; lastKnownFileType = text.json.xcstrings; path = Localizable.xcstrings; sourceTree = "<group>"; };
		1F64F0912C5B08C60066C559 /* DiemHealthKitTypes.swift */ = {isa = PBXFileReference; fileEncoding = 4; lastKnownFileType = sourcecode.swift; path = DiemHealthKitTypes.swift; sourceTree = "<group>"; };
		1F64F0922C5B08C60066C559 /* view.swift */ = {isa = PBXFileReference; fileEncoding = 4; lastKnownFileType = sourcecode.swift; path = view.swift; sourceTree = "<group>"; };
		1F64F0932C5B08C60066C559 /* widget.swift */ = {isa = PBXFileReference; fileEncoding = 4; lastKnownFileType = sourcecode.swift; path = widget.swift; sourceTree = "<group>"; };
		1F64F0942C5B08C60066C559 /* diem.entitlements */ = {isa = PBXFileReference; fileEncoding = 4; lastKnownFileType = text.plist.entitlements; path = diem.entitlements; sourceTree = "<group>"; };
		1F64F0952C5B08C60066C559 /* health.csv */ = {isa = PBXFileReference; fileEncoding = 4; lastKnownFileType = text; path = health.csv; sourceTree = "<group>"; };
		1F64F0962C5B08C60066C559 /* alert.swift */ = {isa = PBXFileReference; fileEncoding = 4; lastKnownFileType = sourcecode.swift; path = alert.swift; sourceTree = "<group>"; };
		1F64F0972C5B08C60066C559 /* Assets.xcassets */ = {isa = PBXFileReference; lastKnownFileType = folder.assetcatalog; path = Assets.xcassets; sourceTree = "<group>"; };
		1F64F0C12C5B08E60066C559 /* dateTests.swift */ = {isa = PBXFileReference; fileEncoding = 4; lastKnownFileType = sourcecode.swift; path = dateTests.swift; sourceTree = "<group>"; };
		1F64F0C52C5B091E0066C559 /* Info-Phone.plist */ = {isa = PBXFileReference; fileEncoding = 4; lastKnownFileType = text.plist.xml; path = "Info-Phone.plist"; sourceTree = "<group>"; };
		1F64F0C72C5B091E0066C559 /* DiemApp.swift */ = {isa = PBXFileReference; fileEncoding = 4; lastKnownFileType = sourcecode.swift; path = DiemApp.swift; sourceTree = "<group>"; };
		1F64F0C82C5B091E0066C559 /* health.swift */ = {isa = PBXFileReference; fileEncoding = 4; lastKnownFileType = sourcecode.swift; path = health.swift; sourceTree = "<group>"; };
		1F64F0CE2C5B09650066C559 /* DiemWatchApp.swift */ = {isa = PBXFileReference; fileEncoding = 4; lastKnownFileType = sourcecode.swift; path = DiemWatchApp.swift; sourceTree = "<group>"; };
		1F64F0CF2C5B09650066C559 /* Info-Watch.plist */ = {isa = PBXFileReference; fileEncoding = 4; lastKnownFileType = text.plist.xml; path = "Info-Watch.plist"; sourceTree = "<group>"; };
		1F64F0D32C5B09D80066C559 /* Info-Watch-Widgets.plist */ = {isa = PBXFileReference; fileEncoding = 4; lastKnownFileType = text.plist.xml; path = "Info-Watch-Widgets.plist"; sourceTree = "<group>"; };
		1F64F0D42C5B09D80066C559 /* Info-Phone-Widgets.plist */ = {isa = PBXFileReference; fileEncoding = 4; lastKnownFileType = text.plist.xml; path = "Info-Phone-Widgets.plist"; sourceTree = "<group>"; };
		1F64F0D52C5B09D80066C559 /* iOSWidgets.swift */ = {isa = PBXFileReference; fileEncoding = 4; lastKnownFileType = sourcecode.swift; path = iOSWidgets.swift; sourceTree = "<group>"; };
		1F84C8072CB24138004BB77A /* WatchWidgets.swift */ = {isa = PBXFileReference; lastKnownFileType = sourcecode.swift; path = WatchWidgets.swift; sourceTree = "<group>"; };
		1FA8DC232C8D0DE200B4907B /* Workouts.swift */ = {isa = PBXFileReference; lastKnownFileType = sourcecode.swift; path = Workouts.swift; sourceTree = "<group>"; };
		1FA8DC252C8E82F600B4907B /* Date.swift */ = {isa = PBXFileReference; lastKnownFileType = sourcecode.swift; path = Date.swift; sourceTree = "<group>"; };
		1FAD1B7729D12A690059DDA1 /* Diem Phone.app */ = {isa = PBXFileReference; explicitFileType = wrapper.application; includeInIndex = 0; path = "Diem Phone.app"; sourceTree = BUILT_PRODUCTS_DIR; };
		1FAD1B8729D12A6A0059DDA1 /* Diem Watch.app */ = {isa = PBXFileReference; explicitFileType = wrapper.application; includeInIndex = 0; path = "Diem Watch.app"; sourceTree = BUILT_PRODUCTS_DIR; };
		1FD356D52D2CA1370025F7D6 /* WidgetPreviewView.swift */ = {isa = PBXFileReference; lastKnownFileType = sourcecode.swift; path = WidgetPreviewView.swift; sourceTree = "<group>"; };
		1FD356D72D2E155E0025F7D6 /* DatePickerView.swift */ = {isa = PBXFileReference; lastKnownFileType = sourcecode.swift; path = DatePickerView.swift; sourceTree = "<group>"; };
		1FD356D92D320F640025F7D6 /* HealthView.swift */ = {isa = PBXFileReference; lastKnownFileType = sourcecode.swift; path = HealthView.swift; sourceTree = "<group>"; };
		1FF0AD902A9C1FBE00F31BD3 /* Diem Tests.xctest */ = {isa = PBXFileReference; explicitFileType = wrapper.cfbundle; includeInIndex = 0; path = "Diem Tests.xctest"; sourceTree = BUILT_PRODUCTS_DIR; };
/* End PBXFileReference section */

/* Begin PBXFrameworksBuildPhase section */
		1F64F06F2C5B053E0066C559 /* Frameworks */ = {
			isa = PBXFrameworksBuildPhase;
			buildActionMask = 2147483647;
			files = (
				1F64F0702C5B053E0066C559 /* SwiftUI.framework in Frameworks */,
				1F64F0712C5B053E0066C559 /* WidgetKit.framework in Frameworks */,
			);
			runOnlyForDeploymentPostprocessing = 0;
		};
		1F64F0842C5B07FD0066C559 /* Frameworks */ = {
			isa = PBXFrameworksBuildPhase;
			buildActionMask = 2147483647;
			files = (
				1F64F0852C5B07FD0066C559 /* SwiftUI.framework in Frameworks */,
				1F64F0862C5B07FD0066C559 /* WidgetKit.framework in Frameworks */,
			);
			runOnlyForDeploymentPostprocessing = 0;
		};
		1FAD1B7429D12A690059DDA1 /* Frameworks */ = {
			isa = PBXFrameworksBuildPhase;
			buildActionMask = 2147483647;
			files = (
			);
			runOnlyForDeploymentPostprocessing = 0;
		};
		1FAD1B8429D12A6A0059DDA1 /* Frameworks */ = {
			isa = PBXFrameworksBuildPhase;
			buildActionMask = 2147483647;
			files = (
			);
			runOnlyForDeploymentPostprocessing = 0;
		};
		1FF0AD8D2A9C1FBE00F31BD3 /* Frameworks */ = {
			isa = PBXFrameworksBuildPhase;
			buildActionMask = 2147483647;
			files = (
			);
			runOnlyForDeploymentPostprocessing = 0;
		};
/* End PBXFrameworksBuildPhase section */

/* Begin PBXGroup section */
		1F5AD06D29D7B7990080A373 /* Frameworks */ = {
			isa = PBXGroup;
			children = (
				1F5AD06E29D7B7990080A373 /* WidgetKit.framework */,
				1F5AD07029D7B7990080A373 /* SwiftUI.framework */,
			);
			name = Frameworks;
			sourceTree = "<group>";
		};
		1F64F08E2C5B08B80066C559 /* Shared */ = {
			isa = PBXGroup;
			children = (
				1F64F0962C5B08C60066C559 /* alert.swift */,
				1F64F0972C5B08C60066C559 /* Assets.xcassets */,
				1F64F0942C5B08C60066C559 /* diem.entitlements */,
				1F64F0912C5B08C60066C559 /* DiemHealthKitTypes.swift */,
				1F64F0952C5B08C60066C559 /* health.csv */,
				1F64F08F2C5B08C60066C559 /* lib.swift */,
				1F64F0902C5B08C60066C559 /* Localizable.xcstrings */,
				1F64F0922C5B08C60066C559 /* view.swift */,
				1F64F0932C5B08C60066C559 /* widget.swift */,
			);
			name = Shared;
			sourceTree = "<group>";
		};
		1F64F0C02C5B08D90066C559 /* Tests */ = {
			isa = PBXGroup;
			children = (
				1F64F0C12C5B08E60066C559 /* dateTests.swift */,
			);
			name = Tests;
			sourceTree = "<group>";
		};
		1F64F0C42C5B09150066C559 /* iOS */ = {
			isa = PBXGroup;
			children = (
				1F64F0C72C5B091E0066C559 /* DiemApp.swift */,
				1FA8DC252C8E82F600B4907B /* Date.swift */,
				1FD356D72D2E155E0025F7D6 /* DatePickerView.swift */,
				1F2DD9A52D3F291F003C3F34 /* Event.swift */,
				1F64F0C82C5B091E0066C559 /* health.swift */,
				1FD356D92D320F640025F7D6 /* HealthView.swift */,
				1F64F0C52C5B091E0066C559 /* Info-Phone.plist */,
				1F64F0D42C5B09D80066C559 /* Info-Phone-Widgets.plist */,
				1F64F0D52C5B09D80066C559 /* iOSWidgets.swift */,
				1FD356D52D2CA1370025F7D6 /* WidgetPreviewView.swift */,
				1FA8DC232C8D0DE200B4907B /* Workouts.swift */,
			);
			name = iOS;
			sourceTree = "<group>";
		};
		1F64F0CD2C5B095A0066C559 /* watchOS */ = {
			isa = PBXGroup;
			children = (
				1F64F0CE2C5B09650066C559 /* DiemWatchApp.swift */,
				1F64F0CF2C5B09650066C559 /* Info-Watch.plist */,
				1F64F0D32C5B09D80066C559 /* Info-Watch-Widgets.plist */,
				1F84C8072CB24138004BB77A /* WatchWidgets.swift */,
			);
			name = watchOS;
			sourceTree = "<group>";
		};
		1FAD1B6E29D12A690059DDA1 = {
			isa = PBXGroup;
			children = (
				1F64F08E2C5B08B80066C559 /* Shared */,
				1F64F0C02C5B08D90066C559 /* Tests */,
				1F64F0C42C5B09150066C559 /* iOS */,
				1F64F0CD2C5B095A0066C559 /* watchOS */,
				1F5AD06D29D7B7990080A373 /* Frameworks */,
				1FAD1B7829D12A690059DDA1 /* Products */,
			);
			sourceTree = "<group>";
		};
		1FAD1B7829D12A690059DDA1 /* Products */ = {
			isa = PBXGroup;
			children = (
				1FAD1B7729D12A690059DDA1 /* Diem Phone.app */,
				1FAD1B8729D12A6A0059DDA1 /* Diem Watch.app */,
				1FF0AD902A9C1FBE00F31BD3 /* Diem Tests.xctest */,
				1F64F0772C5B053E0066C559 /* Diem Phone Widgets.appex */,
				1F64F08C2C5B07FD0066C559 /* Diem Watch Widgets.appex */,
			);
			name = Products;
			sourceTree = "<group>";
		};
/* End PBXGroup section */

/* Begin PBXNativeTarget section */
		1F64F0682C5B053E0066C559 /* Diem Phone Widgets */ = {
			isa = PBXNativeTarget;
			buildConfigurationList = 1F64F0742C5B053E0066C559 /* Build configuration list for PBXNativeTarget "Diem Phone Widgets" */;
			buildPhases = (
				1F64F0692C5B053E0066C559 /* Sources */,
				1F64F06F2C5B053E0066C559 /* Frameworks */,
				1F64F0722C5B053E0066C559 /* Resources */,
			);
			buildRules = (
			);
			dependencies = (
			);
			name = "Diem Phone Widgets";
			productName = widgetsExtension;
			productReference = 1F64F0772C5B053E0066C559 /* Diem Phone Widgets.appex */;
			productType = "com.apple.product-type.app-extension";
		};
		1F64F07D2C5B07FD0066C559 /* Diem Watch Widgets */ = {
			isa = PBXNativeTarget;
			buildConfigurationList = 1F64F0892C5B07FD0066C559 /* Build configuration list for PBXNativeTarget "Diem Watch Widgets" */;
			buildPhases = (
				1F64F07E2C5B07FD0066C559 /* Sources */,
				1F64F0842C5B07FD0066C559 /* Frameworks */,
				1F64F0872C5B07FD0066C559 /* Resources */,
			);
			buildRules = (
			);
			dependencies = (
			);
			name = "Diem Watch Widgets";
			productName = widgetsExtension;
			productReference = 1F64F08C2C5B07FD0066C559 /* Diem Watch Widgets.appex */;
			productType = "com.apple.product-type.app-extension";
		};
		1FAD1B7629D12A690059DDA1 /* Diem Phone */ = {
			isa = PBXNativeTarget;
			buildConfigurationList = 1FAD1B9B29D12A6B0059DDA1 /* Build configuration list for PBXNativeTarget "Diem Phone" */;
			buildPhases = (
				1FAD1B7329D12A690059DDA1 /* Sources */,
				1FAD1B7429D12A690059DDA1 /* Frameworks */,
				1FAD1B7529D12A690059DDA1 /* Resources */,
				1FAD1B9A29D12A6B0059DDA1 /* Embed Watch Content */,
				1F39811429E39ADC001CDACB /* Embed Foundation Extensions */,
			);
			buildRules = (
			);
			dependencies = (
				1F64F07C2C5B05D20066C559 /* PBXTargetDependency */,
				1FAD1B8A29D12A6A0059DDA1 /* PBXTargetDependency */,
				1F44F4432CAF3FF7001D018B /* PBXTargetDependency */,
			);
			name = "Diem Phone";
			productName = diem;
			productReference = 1FAD1B7729D12A690059DDA1 /* Diem Phone.app */;
			productType = "com.apple.product-type.application";
		};
		1FAD1B8629D12A6A0059DDA1 /* Diem Watch */ = {
			isa = PBXNativeTarget;
			buildConfigurationList = 1FAD1B9729D12A6B0059DDA1 /* Build configuration list for PBXNativeTarget "Diem Watch" */;
			buildPhases = (
				1FAD1B8329D12A6A0059DDA1 /* Sources */,
				1FAD1B8429D12A6A0059DDA1 /* Frameworks */,
				1FAD1B8529D12A6A0059DDA1 /* Resources */,
				1F5AD07D29D7B79A0080A373 /* Embed Foundation Extensions */,
			);
			buildRules = (
			);
			dependencies = (
				1F84C80C2CB2423D004BB77A /* PBXTargetDependency */,
			);
			name = "Diem Watch";
			productName = "diem Watch App";
			productReference = 1FAD1B8729D12A6A0059DDA1 /* Diem Watch.app */;
			productType = "com.apple.product-type.application";
		};
		1FF0AD8F2A9C1FBE00F31BD3 /* Diem Tests */ = {
			isa = PBXNativeTarget;
			buildConfigurationList = 1FF0AD982A9C1FBE00F31BD3 /* Build configuration list for PBXNativeTarget "Diem Tests" */;
			buildPhases = (
				1FF0AD8C2A9C1FBE00F31BD3 /* Sources */,
				1FF0AD8D2A9C1FBE00F31BD3 /* Frameworks */,
				1FF0AD8E2A9C1FBE00F31BD3 /* Resources */,
			);
			buildRules = (
			);
			dependencies = (
				1FF0AD952A9C1FBE00F31BD3 /* PBXTargetDependency */,
			);
			name = "Diem Tests";
			productName = "Diem Tests";
			productReference = 1FF0AD902A9C1FBE00F31BD3 /* Diem Tests.xctest */;
			productType = "com.apple.product-type.bundle.unit-test";
		};
/* End PBXNativeTarget section */

/* Begin PBXProject section */
		1FAD1B6F29D12A690059DDA1 /* Project object */ = {
			isa = PBXProject;
			attributes = {
				BuildIndependentTargetsInParallel = 1;
				LastSwiftUpdateCheck = 1430;
				LastUpgradeCheck = 1620;
				TargetAttributes = {
					1FAD1B7629D12A690059DDA1 = {
						CreatedOnToolsVersion = 14.2;
					};
					1FAD1B8629D12A6A0059DDA1 = {
						CreatedOnToolsVersion = 14.2;
					};
					1FF0AD8F2A9C1FBE00F31BD3 = {
						CreatedOnToolsVersion = 14.3.1;
						TestTargetID = 1FAD1B7629D12A690059DDA1;
					};
				};
			};
			buildConfigurationList = 1FAD1B7229D12A690059DDA1 /* Build configuration list for PBXProject "diem" */;
			compatibilityVersion = "Xcode 14.0";
			developmentRegion = en;
			hasScannedForEncodings = 0;
			knownRegions = (
				en,
				Base,
			);
			mainGroup = 1FAD1B6E29D12A690059DDA1;
			productRefGroup = 1FAD1B7829D12A690059DDA1 /* Products */;
			projectDirPath = "";
			projectRoot = "";
			targets = (
				1FAD1B7629D12A690059DDA1 /* Diem Phone */,
				1F64F0682C5B053E0066C559 /* Diem Phone Widgets */,
				1FAD1B8629D12A6A0059DDA1 /* Diem Watch */,
				1F64F07D2C5B07FD0066C559 /* Diem Watch Widgets */,
				1FF0AD8F2A9C1FBE00F31BD3 /* Diem Tests */,
			);
		};
/* End PBXProject section */

/* Begin PBXResourcesBuildPhase section */
		1F64F0722C5B053E0066C559 /* Resources */ = {
			isa = PBXResourcesBuildPhase;
			buildActionMask = 2147483647;
			files = (
				1F64F0B22C5B08C60066C559 /* health.csv in Resources */,
				1F64F0BC2C5B08C60066C559 /* Assets.xcassets in Resources */,
				1F64F0D62C5B09D80066C559 /* Info-Watch-Widgets.plist in Resources */,
				1F64F09E2C5B08C60066C559 /* Localizable.xcstrings in Resources */,
			);
			runOnlyForDeploymentPostprocessing = 0;
		};
		1F64F0872C5B07FD0066C559 /* Resources */ = {
			isa = PBXResourcesBuildPhase;
			buildActionMask = 2147483647;
			files = (
				1F64F0B42C5B08C60066C559 /* health.csv in Resources */,
				1F64F0BE2C5B08C60066C559 /* Assets.xcassets in Resources */,
				1F64F0A02C5B08C60066C559 /* Localizable.xcstrings in Resources */,
				1F64F0D92C5B09D80066C559 /* Info-Phone-Widgets.plist in Resources */,
			);
			runOnlyForDeploymentPostprocessing = 0;
		};
		1FAD1B7529D12A690059DDA1 /* Resources */ = {
			isa = PBXResourcesBuildPhase;
			buildActionMask = 2147483647;
			files = (
				1F64F0B12C5B08C60066C559 /* health.csv in Resources */,
				1F64F0BB2C5B08C60066C559 /* Assets.xcassets in Resources */,
				1F64F09D2C5B08C60066C559 /* Localizable.xcstrings in Resources */,
			);
			runOnlyForDeploymentPostprocessing = 0;
		};
		1FAD1B8529D12A6A0059DDA1 /* Resources */ = {
			isa = PBXResourcesBuildPhase;
			buildActionMask = 2147483647;
			files = (
				1F64F0B32C5B08C60066C559 /* health.csv in Resources */,
				1F64F0BD2C5B08C60066C559 /* Assets.xcassets in Resources */,
				1F64F09F2C5B08C60066C559 /* Localizable.xcstrings in Resources */,
			);
			runOnlyForDeploymentPostprocessing = 0;
		};
		1FF0AD8E2A9C1FBE00F31BD3 /* Resources */ = {
			isa = PBXResourcesBuildPhase;
			buildActionMask = 2147483647;
			files = (
				1F64F0B52C5B08C60066C559 /* health.csv in Resources */,
				1F64F0BF2C5B08C60066C559 /* Assets.xcassets in Resources */,
				1F64F0A12C5B08C60066C559 /* Localizable.xcstrings in Resources */,
			);
			runOnlyForDeploymentPostprocessing = 0;
		};
/* End PBXResourcesBuildPhase section */

/* Begin PBXSourcesBuildPhase section */
		1F64F0692C5B053E0066C559 /* Sources */ = {
			isa = PBXSourcesBuildPhase;
			buildActionMask = 2147483647;
			files = (
				1F64F0A82C5B08C60066C559 /* view.swift in Sources */,
				1F64F0A32C5B08C60066C559 /* DiemHealthKitTypes.swift in Sources */,
				1F64F0AD2C5B08C60066C559 /* widget.swift in Sources */,
				1F64F0DA2C5B09D80066C559 /* iOSWidgets.swift in Sources */,
				1F64F0B72C5B08C60066C559 /* alert.swift in Sources */,
				1F64F0992C5B08C60066C559 /* lib.swift in Sources */,
			);
			runOnlyForDeploymentPostprocessing = 0;
		};
		1F64F07E2C5B07FD0066C559 /* Sources */ = {
			isa = PBXSourcesBuildPhase;
			buildActionMask = 2147483647;
			files = (
				1F64F0AA2C5B08C60066C559 /* view.swift in Sources */,
				1F84C8092CB24138004BB77A /* WatchWidgets.swift in Sources */,
				1F64F0A52C5B08C60066C559 /* DiemHealthKitTypes.swift in Sources */,
				1F64F0AF2C5B08C60066C559 /* widget.swift in Sources */,
				1F64F0B92C5B08C60066C559 /* alert.swift in Sources */,
				1F64F09B2C5B08C60066C559 /* lib.swift in Sources */,
			);
			runOnlyForDeploymentPostprocessing = 0;
		};
		1FAD1B7329D12A690059DDA1 /* Sources */ = {
			isa = PBXSourcesBuildPhase;
			buildActionMask = 2147483647;
			files = (
				1F64F0CB2C5B091E0066C559 /* DiemApp.swift in Sources */,
				1FA8DC242C8D0DE200B4907B /* Workouts.swift in Sources */,
				1F64F0AC2C5B08C60066C559 /* widget.swift in Sources */,
				1F64F0A22C5B08C60066C559 /* DiemHealthKitTypes.swift in Sources */,
				1F64F0A72C5B08C60066C559 /* view.swift in Sources */,
				1F64F0B62C5B08C60066C559 /* alert.swift in Sources */,
				1FD356D62D2CA1460025F7D6 /* WidgetPreviewView.swift in Sources */,
				1F64F0CC2C5B091E0066C559 /* health.swift in Sources */,
				1FD356D82D2E158D0025F7D6 /* DatePickerView.swift in Sources */,
				1FA8DC262C8E82F600B4907B /* Date.swift in Sources */,
				1F64F0982C5B08C60066C559 /* lib.swift in Sources */,
				1F2DD9A62D3F291F003C3F34 /* Event.swift in Sources */,
				1FD356DA2D320F680025F7D6 /* HealthView.swift in Sources */,
			);
			runOnlyForDeploymentPostprocessing = 0;
		};
		1FAD1B8329D12A6A0059DDA1 /* Sources */ = {
			isa = PBXSourcesBuildPhase;
			buildActionMask = 2147483647;
			files = (
				1F64F0A92C5B08C60066C559 /* view.swift in Sources */,
				1F64F0A42C5B08C60066C559 /* DiemHealthKitTypes.swift in Sources */,
				1F64F0AE2C5B08C60066C559 /* widget.swift in Sources */,
				1F64F0B82C5B08C60066C559 /* alert.swift in Sources */,
				1F64F0D02C5B09650066C559 /* DiemWatchApp.swift in Sources */,
				1F64F09A2C5B08C60066C559 /* lib.swift in Sources */,
			);
			runOnlyForDeploymentPostprocessing = 0;
		};
		1FF0AD8C2A9C1FBE00F31BD3 /* Sources */ = {
			isa = PBXSourcesBuildPhase;
			buildActionMask = 2147483647;
			files = (
				1F64F0AB2C5B08C60066C559 /* view.swift in Sources */,
				1F64F0A62C5B08C60066C559 /* DiemHealthKitTypes.swift in Sources */,
				1F64F0B02C5B08C60066C559 /* widget.swift in Sources */,
				1F64F0BA2C5B08C60066C559 /* alert.swift in Sources */,
				1F64F09C2C5B08C60066C559 /* lib.swift in Sources */,
				1F64F0C22C5B08E60066C559 /* dateTests.swift in Sources */,
			);
			runOnlyForDeploymentPostprocessing = 0;
		};
/* End PBXSourcesBuildPhase section */

/* Begin PBXTargetDependency section */
		1F44F4432CAF3FF7001D018B /* PBXTargetDependency */ = {
			isa = PBXTargetDependency;
			target = 1F64F0682C5B053E0066C559 /* Diem Phone Widgets */;
			targetProxy = 1F44F4422CAF3FF7001D018B /* PBXContainerItemProxy */;
		};
		1F64F07C2C5B05D20066C559 /* PBXTargetDependency */ = {
			isa = PBXTargetDependency;
			target = 1F64F0682C5B053E0066C559 /* Diem Phone Widgets */;
			targetProxy = 1F64F07B2C5B05D20066C559 /* PBXContainerItemProxy */;
		};
		1F84C80C2CB2423D004BB77A /* PBXTargetDependency */ = {
			isa = PBXTargetDependency;
			target = 1F64F07D2C5B07FD0066C559 /* Diem Watch Widgets */;
			targetProxy = 1F84C80B2CB2423D004BB77A /* PBXContainerItemProxy */;
		};
		1FAD1B8A29D12A6A0059DDA1 /* PBXTargetDependency */ = {
			isa = PBXTargetDependency;
			target = 1FAD1B8629D12A6A0059DDA1 /* Diem Watch */;
			targetProxy = 1FAD1B8929D12A6A0059DDA1 /* PBXContainerItemProxy */;
		};
		1FF0AD952A9C1FBE00F31BD3 /* PBXTargetDependency */ = {
			isa = PBXTargetDependency;
			target = 1FAD1B7629D12A690059DDA1 /* Diem Phone */;
			targetProxy = 1FF0AD942A9C1FBE00F31BD3 /* PBXContainerItemProxy */;
		};
/* End PBXTargetDependency section */

/* Begin XCBuildConfiguration section */
		1F64F0752C5B053E0066C559 /* Debug */ = {
			isa = XCBuildConfiguration;
			buildSettings = {
				ASSETCATALOG_COMPILER_GLOBAL_ACCENT_COLOR_NAME = AccentColor;
				ASSETCATALOG_COMPILER_WIDGET_BACKGROUND_COLOR_NAME = WidgetBackground;
				CODE_SIGN_STYLE = Automatic;
				CURRENT_PROJECT_VERSION = 1;
				DEVELOPMENT_TEAM = PGUSZZ68XF;
				GENERATE_INFOPLIST_FILE = YES;
				INFOPLIST_FILE = "Info-Phone-Widgets.plist";
				INFOPLIST_KEY_CFBundleDisplayName = widgets;
				INFOPLIST_KEY_NSHumanReadableCopyright = "";
				LD_RUNPATH_SEARCH_PATHS = (
					"$(inherited)",
					"@executable_path/Frameworks",
					"@executable_path/../../Frameworks",
					"@executable_path/../../../../Frameworks",
				);
				MARKETING_VERSION = 1.0;
				PRODUCT_BUNDLE_IDENTIFIER = "com.tl.diem.phone-widgets";
				PRODUCT_NAME = "$(TARGET_NAME)";
				SDKROOT = watchos;
				SKIP_INSTALL = YES;
				SUPPORTED_PLATFORMS = "iphoneos iphonesimulator";
				SUPPORTS_MACCATALYST = NO;
				SWIFT_EMIT_LOC_STRINGS = YES;
				SWIFT_VERSION = 5.0;
				TARGETED_DEVICE_FAMILY = 1;
				WATCHOS_DEPLOYMENT_TARGET = 9.1;
			};
			name = Debug;
		};
		1F64F0762C5B053E0066C559 /* Release */ = {
			isa = XCBuildConfiguration;
			buildSettings = {
				ASSETCATALOG_COMPILER_GLOBAL_ACCENT_COLOR_NAME = AccentColor;
				ASSETCATALOG_COMPILER_WIDGET_BACKGROUND_COLOR_NAME = WidgetBackground;
				CODE_SIGN_STYLE = Automatic;
				CURRENT_PROJECT_VERSION = 1;
				DEVELOPMENT_TEAM = PGUSZZ68XF;
				GENERATE_INFOPLIST_FILE = YES;
				INFOPLIST_FILE = "Info-Phone-Widgets.plist";
				INFOPLIST_KEY_CFBundleDisplayName = widgets;
				INFOPLIST_KEY_NSHumanReadableCopyright = "";
				LD_RUNPATH_SEARCH_PATHS = (
					"$(inherited)",
					"@executable_path/Frameworks",
					"@executable_path/../../Frameworks",
					"@executable_path/../../../../Frameworks",
				);
				MARKETING_VERSION = 1.0;
				PRODUCT_BUNDLE_IDENTIFIER = "com.tl.diem.phone-widgets";
				PRODUCT_NAME = "$(TARGET_NAME)";
				SDKROOT = watchos;
				SKIP_INSTALL = YES;
				SUPPORTED_PLATFORMS = "iphoneos iphonesimulator";
				SUPPORTS_MACCATALYST = NO;
				SWIFT_EMIT_LOC_STRINGS = YES;
				SWIFT_VERSION = 5.0;
				TARGETED_DEVICE_FAMILY = 1;
				VALIDATE_PRODUCT = YES;
				WATCHOS_DEPLOYMENT_TARGET = 9.1;
			};
			name = Release;
		};
		1F64F08A2C5B07FD0066C559 /* Debug */ = {
			isa = XCBuildConfiguration;
			buildSettings = {
				ASSETCATALOG_COMPILER_GLOBAL_ACCENT_COLOR_NAME = AccentColor;
				ASSETCATALOG_COMPILER_WIDGET_BACKGROUND_COLOR_NAME = WidgetBackground;
				CODE_SIGN_STYLE = Automatic;
				CURRENT_PROJECT_VERSION = 1;
				DEVELOPMENT_TEAM = PGUSZZ68XF;
				GENERATE_INFOPLIST_FILE = YES;
				INFOPLIST_FILE = "Info-Watch-Widgets.plist";
				INFOPLIST_KEY_CFBundleDisplayName = widgets;
				INFOPLIST_KEY_NSHumanReadableCopyright = "";
				LD_RUNPATH_SEARCH_PATHS = (
					"$(inherited)",
					"@executable_path/Frameworks",
					"@executable_path/../../Frameworks",
					"@executable_path/../../../../Frameworks",
				);
				MARKETING_VERSION = 1.0;
				PRODUCT_BUNDLE_IDENTIFIER = "com.tl.diem.watch-widgets";
				PRODUCT_NAME = "$(TARGET_NAME)";
				SDKROOT = watchos;
				SKIP_INSTALL = YES;
				SUPPORTED_PLATFORMS = "watchos watchsimulator";
				SUPPORTS_MACCATALYST = NO;
				SWIFT_EMIT_LOC_STRINGS = YES;
				SWIFT_VERSION = 5.0;
				TARGETED_DEVICE_FAMILY = 4;
				WATCHOS_DEPLOYMENT_TARGET = 9.1;
			};
			name = Debug;
		};
		1F64F08B2C5B07FD0066C559 /* Release */ = {
			isa = XCBuildConfiguration;
			buildSettings = {
				ASSETCATALOG_COMPILER_GLOBAL_ACCENT_COLOR_NAME = AccentColor;
				ASSETCATALOG_COMPILER_WIDGET_BACKGROUND_COLOR_NAME = WidgetBackground;
				CODE_SIGN_STYLE = Automatic;
				CURRENT_PROJECT_VERSION = 1;
				DEVELOPMENT_TEAM = PGUSZZ68XF;
				GENERATE_INFOPLIST_FILE = YES;
				INFOPLIST_FILE = "Info-Watch-Widgets.plist";
				INFOPLIST_KEY_CFBundleDisplayName = widgets;
				INFOPLIST_KEY_NSHumanReadableCopyright = "";
				LD_RUNPATH_SEARCH_PATHS = (
					"$(inherited)",
					"@executable_path/Frameworks",
					"@executable_path/../../Frameworks",
					"@executable_path/../../../../Frameworks",
				);
				MARKETING_VERSION = 1.0;
				PRODUCT_BUNDLE_IDENTIFIER = "com.tl.diem.watch-widgets";
				PRODUCT_NAME = "$(TARGET_NAME)";
				SDKROOT = watchos;
				SKIP_INSTALL = YES;
				SUPPORTED_PLATFORMS = "watchos watchsimulator";
				SUPPORTS_MACCATALYST = NO;
				SWIFT_EMIT_LOC_STRINGS = YES;
				SWIFT_VERSION = 5.0;
				TARGETED_DEVICE_FAMILY = 4;
				VALIDATE_PRODUCT = YES;
				WATCHOS_DEPLOYMENT_TARGET = 9.1;
			};
			name = Release;
		};
		1FAD1B9529D12A6B0059DDA1 /* Debug */ = {
			isa = XCBuildConfiguration;
			buildSettings = {
				ALWAYS_SEARCH_USER_PATHS = NO;
				CLANG_ANALYZER_NONNULL = YES;
				CLANG_ANALYZER_NUMBER_OBJECT_CONVERSION = YES_AGGRESSIVE;
				CLANG_CXX_LANGUAGE_STANDARD = "gnu++20";
				CLANG_ENABLE_MODULES = YES;
				CLANG_ENABLE_OBJC_ARC = YES;
				CLANG_ENABLE_OBJC_WEAK = YES;
				CLANG_WARN_BLOCK_CAPTURE_AUTORELEASING = YES;
				CLANG_WARN_BOOL_CONVERSION = YES;
				CLANG_WARN_COMMA = YES;
				CLANG_WARN_CONSTANT_CONVERSION = YES;
				CLANG_WARN_DEPRECATED_OBJC_IMPLEMENTATIONS = YES;
				CLANG_WARN_DIRECT_OBJC_ISA_USAGE = YES_ERROR;
				CLANG_WARN_DOCUMENTATION_COMMENTS = YES;
				CLANG_WARN_EMPTY_BODY = YES;
				CLANG_WARN_ENUM_CONVERSION = YES;
				CLANG_WARN_INFINITE_RECURSION = YES;
				CLANG_WARN_INT_CONVERSION = YES;
				CLANG_WARN_NON_LITERAL_NULL_CONVERSION = YES;
				CLANG_WARN_OBJC_IMPLICIT_RETAIN_SELF = YES;
				CLANG_WARN_OBJC_LITERAL_CONVERSION = YES;
				CLANG_WARN_OBJC_ROOT_CLASS = YES_ERROR;
				CLANG_WARN_QUOTED_INCLUDE_IN_FRAMEWORK_HEADER = YES;
				CLANG_WARN_RANGE_LOOP_ANALYSIS = YES;
				CLANG_WARN_STRICT_PROTOTYPES = YES;
				CLANG_WARN_SUSPICIOUS_MOVE = YES;
				CLANG_WARN_UNGUARDED_AVAILABILITY = YES_AGGRESSIVE;
				CLANG_WARN_UNREACHABLE_CODE = YES;
				CLANG_WARN__DUPLICATE_METHOD_MATCH = YES;
				COPY_PHASE_STRIP = NO;
				DEAD_CODE_STRIPPING = YES;
				DEBUG_INFORMATION_FORMAT = dwarf;
				ENABLE_STRICT_OBJC_MSGSEND = YES;
				ENABLE_TESTABILITY = YES;
				ENABLE_USER_SCRIPT_SANDBOXING = YES;
				GCC_C_LANGUAGE_STANDARD = gnu11;
				GCC_DYNAMIC_NO_PIC = NO;
				GCC_NO_COMMON_BLOCKS = YES;
				GCC_OPTIMIZATION_LEVEL = 0;
				GCC_PREPROCESSOR_DEFINITIONS = (
					"DEBUG=1",
					"$(inherited)",
				);
				GCC_WARN_64_TO_32_BIT_CONVERSION = YES;
				GCC_WARN_ABOUT_RETURN_TYPE = YES_ERROR;
				GCC_WARN_UNDECLARED_SELECTOR = YES;
				GCC_WARN_UNINITIALIZED_AUTOS = YES_AGGRESSIVE;
				GCC_WARN_UNUSED_FUNCTION = YES;
				GCC_WARN_UNUSED_VARIABLE = YES;
				MTL_ENABLE_DEBUG_INFO = INCLUDE_SOURCE;
				MTL_FAST_MATH = YES;
				ONLY_ACTIVE_ARCH = YES;
				SWIFT_ACTIVE_COMPILATION_CONDITIONS = DEBUG;
				SWIFT_OPTIMIZATION_LEVEL = "-Onone";
			};
			name = Debug;
		};
		1FAD1B9629D12A6B0059DDA1 /* Release */ = {
			isa = XCBuildConfiguration;
			buildSettings = {
				ALWAYS_SEARCH_USER_PATHS = NO;
				CLANG_ANALYZER_NONNULL = YES;
				CLANG_ANALYZER_NUMBER_OBJECT_CONVERSION = YES_AGGRESSIVE;
				CLANG_CXX_LANGUAGE_STANDARD = "gnu++20";
				CLANG_ENABLE_MODULES = YES;
				CLANG_ENABLE_OBJC_ARC = YES;
				CLANG_ENABLE_OBJC_WEAK = YES;
				CLANG_WARN_BLOCK_CAPTURE_AUTORELEASING = YES;
				CLANG_WARN_BOOL_CONVERSION = YES;
				CLANG_WARN_COMMA = YES;
				CLANG_WARN_CONSTANT_CONVERSION = YES;
				CLANG_WARN_DEPRECATED_OBJC_IMPLEMENTATIONS = YES;
				CLANG_WARN_DIRECT_OBJC_ISA_USAGE = YES_ERROR;
				CLANG_WARN_DOCUMENTATION_COMMENTS = YES;
				CLANG_WARN_EMPTY_BODY = YES;
				CLANG_WARN_ENUM_CONVERSION = YES;
				CLANG_WARN_INFINITE_RECURSION = YES;
				CLANG_WARN_INT_CONVERSION = YES;
				CLANG_WARN_NON_LITERAL_NULL_CONVERSION = YES;
				CLANG_WARN_OBJC_IMPLICIT_RETAIN_SELF = YES;
				CLANG_WARN_OBJC_LITERAL_CONVERSION = YES;
				CLANG_WARN_OBJC_ROOT_CLASS = YES_ERROR;
				CLANG_WARN_QUOTED_INCLUDE_IN_FRAMEWORK_HEADER = YES;
				CLANG_WARN_RANGE_LOOP_ANALYSIS = YES;
				CLANG_WARN_STRICT_PROTOTYPES = YES;
				CLANG_WARN_SUSPICIOUS_MOVE = YES;
				CLANG_WARN_UNGUARDED_AVAILABILITY = YES_AGGRESSIVE;
				CLANG_WARN_UNREACHABLE_CODE = YES;
				CLANG_WARN__DUPLICATE_METHOD_MATCH = YES;
				COPY_PHASE_STRIP = NO;
				DEAD_CODE_STRIPPING = YES;
				DEBUG_INFORMATION_FORMAT = "dwarf-with-dsym";
				ENABLE_NS_ASSERTIONS = NO;
				ENABLE_STRICT_OBJC_MSGSEND = YES;
				ENABLE_USER_SCRIPT_SANDBOXING = YES;
				GCC_C_LANGUAGE_STANDARD = gnu11;
				GCC_NO_COMMON_BLOCKS = YES;
				GCC_WARN_64_TO_32_BIT_CONVERSION = YES;
				GCC_WARN_ABOUT_RETURN_TYPE = YES_ERROR;
				GCC_WARN_UNDECLARED_SELECTOR = YES;
				GCC_WARN_UNINITIALIZED_AUTOS = YES_AGGRESSIVE;
				GCC_WARN_UNUSED_FUNCTION = YES;
				GCC_WARN_UNUSED_VARIABLE = YES;
				MTL_ENABLE_DEBUG_INFO = NO;
				MTL_FAST_MATH = YES;
				SWIFT_COMPILATION_MODE = wholemodule;
				SWIFT_OPTIMIZATION_LEVEL = "-O";
			};
			name = Release;
		};
		1FAD1B9829D12A6B0059DDA1 /* Debug */ = {
			isa = XCBuildConfiguration;
			buildSettings = {
				ASSETCATALOG_COMPILER_APPICON_NAME = AppIcon;
				ASSETCATALOG_COMPILER_GLOBAL_ACCENT_COLOR_NAME = AccentColor;
				CODE_SIGN_STYLE = Automatic;
				CURRENT_PROJECT_VERSION = 1;
				DEVELOPMENT_ASSET_PATHS = "";
				DEVELOPMENT_TEAM = PGUSZZ68XF;
				ENABLE_PREVIEWS = YES;
				GENERATE_INFOPLIST_FILE = YES;
				INFOPLIST_FILE = "Info-Watch.plist";
				INFOPLIST_KEY_CFBundleDisplayName = diem;
				INFOPLIST_KEY_UISupportedInterfaceOrientations = "UIInterfaceOrientationPortrait UIInterfaceOrientationPortraitUpsideDown";
				INFOPLIST_KEY_WKCompanionAppBundleIdentifier = com.tl.diem;
				LD_RUNPATH_SEARCH_PATHS = (
					"$(inherited)",
					"@executable_path/Frameworks",
				);
				MARKETING_VERSION = 1.0;
				PRODUCT_BUNDLE_IDENTIFIER = com.tl.diem.watch;
				PRODUCT_NAME = "$(TARGET_NAME)";
				SDKROOT = watchos;
				SKIP_INSTALL = YES;
				SWIFT_EMIT_LOC_STRINGS = YES;
				SWIFT_VERSION = 5.0;
				TARGETED_DEVICE_FAMILY = 4;
				WATCHOS_DEPLOYMENT_TARGET = 9.1;
			};
			name = Debug;
		};
		1FAD1B9929D12A6B0059DDA1 /* Release */ = {
			isa = XCBuildConfiguration;
			buildSettings = {
				ASSETCATALOG_COMPILER_APPICON_NAME = AppIcon;
				ASSETCATALOG_COMPILER_GLOBAL_ACCENT_COLOR_NAME = AccentColor;
				CODE_SIGN_STYLE = Automatic;
				CURRENT_PROJECT_VERSION = 1;
				DEVELOPMENT_ASSET_PATHS = "";
				DEVELOPMENT_TEAM = PGUSZZ68XF;
				ENABLE_PREVIEWS = YES;
				GENERATE_INFOPLIST_FILE = YES;
				INFOPLIST_FILE = "Info-Watch.plist";
				INFOPLIST_KEY_CFBundleDisplayName = diem;
				INFOPLIST_KEY_UISupportedInterfaceOrientations = "UIInterfaceOrientationPortrait UIInterfaceOrientationPortraitUpsideDown";
				INFOPLIST_KEY_WKCompanionAppBundleIdentifier = com.tl.diem;
				LD_RUNPATH_SEARCH_PATHS = (
					"$(inherited)",
					"@executable_path/Frameworks",
				);
				MARKETING_VERSION = 1.0;
				PRODUCT_BUNDLE_IDENTIFIER = com.tl.diem.watch;
				PRODUCT_NAME = "$(TARGET_NAME)";
				SDKROOT = watchos;
				SKIP_INSTALL = YES;
				SWIFT_EMIT_LOC_STRINGS = YES;
				SWIFT_VERSION = 5.0;
				TARGETED_DEVICE_FAMILY = 4;
				VALIDATE_PRODUCT = YES;
				WATCHOS_DEPLOYMENT_TARGET = 9.1;
			};
			name = Release;
		};
		1FAD1B9C29D12A6B0059DDA1 /* Debug */ = {
			isa = XCBuildConfiguration;
			buildSettings = {
				ASSETCATALOG_COMPILER_APPICON_NAME = AppIcon;
				ASSETCATALOG_COMPILER_GLOBAL_ACCENT_COLOR_NAME = AccentColor;
				CODE_SIGN_ENTITLEMENTS = diem.entitlements;
				CODE_SIGN_STYLE = Automatic;
				CURRENT_PROJECT_VERSION = 1;
				DEVELOPMENT_ASSET_PATHS = "";
				DEVELOPMENT_TEAM = PGUSZZ68XF;
				ENABLE_PREVIEWS = YES;
				GENERATE_INFOPLIST_FILE = YES;
				INFOPLIST_FILE = "Info-Phone.plist";
				INFOPLIST_KEY_CFBundleDisplayName = Diem;
				INFOPLIST_KEY_LSApplicationCategoryType = "public.app-category.utilities";
				INFOPLIST_KEY_UIApplicationSceneManifest_Generation = YES;
				INFOPLIST_KEY_UIApplicationSupportsIndirectInputEvents = YES;
				INFOPLIST_KEY_UILaunchScreen_Generation = YES;
				INFOPLIST_KEY_UISupportedInterfaceOrientations_iPad = "UIInterfaceOrientationPortrait UIInterfaceOrientationPortraitUpsideDown UIInterfaceOrientationLandscapeLeft UIInterfaceOrientationLandscapeRight";
				INFOPLIST_KEY_UISupportedInterfaceOrientations_iPhone = "UIInterfaceOrientationPortrait UIInterfaceOrientationLandscapeLeft UIInterfaceOrientationLandscapeRight";
				IPHONEOS_DEPLOYMENT_TARGET = 17.0;
				LD_RUNPATH_SEARCH_PATHS = (
					"$(inherited)",
					"@executable_path/Frameworks",
				);
				MARKETING_VERSION = 1.0;
				PRODUCT_BUNDLE_IDENTIFIER = com.tl.diem;
				PRODUCT_NAME = "$(TARGET_NAME)";
				SDKROOT = iphoneos;
				SUPPORTED_PLATFORMS = "iphoneos iphonesimulator";
				SUPPORTS_MACCATALYST = NO;
				SUPPORTS_MAC_DESIGNED_FOR_IPHONE_IPAD = NO;
				SUPPORTS_XR_DESIGNED_FOR_IPHONE_IPAD = NO;
				SWIFT_EMIT_LOC_STRINGS = YES;
				SWIFT_VERSION = 5.0;
				TARGETED_DEVICE_FAMILY = 1;
			};
			name = Debug;
		};
		1FAD1B9D29D12A6B0059DDA1 /* Release */ = {
			isa = XCBuildConfiguration;
			buildSettings = {
				ASSETCATALOG_COMPILER_APPICON_NAME = AppIcon;
				ASSETCATALOG_COMPILER_GLOBAL_ACCENT_COLOR_NAME = AccentColor;
				CODE_SIGN_ENTITLEMENTS = diem.entitlements;
				CODE_SIGN_STYLE = Automatic;
				CURRENT_PROJECT_VERSION = 1;
				DEVELOPMENT_ASSET_PATHS = "";
				DEVELOPMENT_TEAM = PGUSZZ68XF;
				ENABLE_PREVIEWS = YES;
				GENERATE_INFOPLIST_FILE = YES;
				INFOPLIST_FILE = "Info-Phone.plist";
				INFOPLIST_KEY_CFBundleDisplayName = Diem;
				INFOPLIST_KEY_LSApplicationCategoryType = "public.app-category.utilities";
				INFOPLIST_KEY_UIApplicationSceneManifest_Generation = YES;
				INFOPLIST_KEY_UIApplicationSupportsIndirectInputEvents = YES;
				INFOPLIST_KEY_UILaunchScreen_Generation = YES;
				INFOPLIST_KEY_UISupportedInterfaceOrientations_iPad = "UIInterfaceOrientationPortrait UIInterfaceOrientationPortraitUpsideDown UIInterfaceOrientationLandscapeLeft UIInterfaceOrientationLandscapeRight";
				INFOPLIST_KEY_UISupportedInterfaceOrientations_iPhone = "UIInterfaceOrientationPortrait UIInterfaceOrientationLandscapeLeft UIInterfaceOrientationLandscapeRight";
				IPHONEOS_DEPLOYMENT_TARGET = 17.0;
				LD_RUNPATH_SEARCH_PATHS = (
					"$(inherited)",
					"@executable_path/Frameworks",
				);
				MARKETING_VERSION = 1.0;
				PRODUCT_BUNDLE_IDENTIFIER = com.tl.diem;
				PRODUCT_NAME = "$(TARGET_NAME)";
				SDKROOT = iphoneos;
				SUPPORTED_PLATFORMS = "iphoneos iphonesimulator";
				SUPPORTS_MACCATALYST = NO;
				SUPPORTS_MAC_DESIGNED_FOR_IPHONE_IPAD = NO;
				SUPPORTS_XR_DESIGNED_FOR_IPHONE_IPAD = NO;
				SWIFT_EMIT_LOC_STRINGS = YES;
				SWIFT_VERSION = 5.0;
				TARGETED_DEVICE_FAMILY = 1;
				VALIDATE_PRODUCT = YES;
			};
			name = Release;
		};
		1FF0AD962A9C1FBE00F31BD3 /* Debug */ = {
			isa = XCBuildConfiguration;
			buildSettings = {
				BUNDLE_LOADER = "$(TEST_HOST)";
				CODE_SIGN_STYLE = Automatic;
				CURRENT_PROJECT_VERSION = 1;
				DEVELOPMENT_TEAM = PGUSZZ68XF;
				GENERATE_INFOPLIST_FILE = YES;
				IPHONEOS_DEPLOYMENT_TARGET = 16.4;
				MARKETING_VERSION = 1.0;
				PRODUCT_BUNDLE_IDENTIFIER = com.tl.diem.tests;
				PRODUCT_NAME = "$(TARGET_NAME)";
				SDKROOT = iphoneos;
				SWIFT_EMIT_LOC_STRINGS = NO;
				SWIFT_VERSION = 5.0;
				TARGETED_DEVICE_FAMILY = "1,2";
				TEST_HOST = "$(BUILT_PRODUCTS_DIR)/diem.app/$(BUNDLE_EXECUTABLE_FOLDER_PATH)/diem";
			};
			name = Debug;
		};
		1FF0AD972A9C1FBE00F31BD3 /* Release */ = {
			isa = XCBuildConfiguration;
			buildSettings = {
				BUNDLE_LOADER = "$(TEST_HOST)";
				CODE_SIGN_STYLE = Automatic;
				CURRENT_PROJECT_VERSION = 1;
				DEVELOPMENT_TEAM = PGUSZZ68XF;
				GENERATE_INFOPLIST_FILE = YES;
				IPHONEOS_DEPLOYMENT_TARGET = 16.4;
				MARKETING_VERSION = 1.0;
				PRODUCT_BUNDLE_IDENTIFIER = com.tl.diem.tests;
				PRODUCT_NAME = "$(TARGET_NAME)";
				SDKROOT = iphoneos;
				SWIFT_EMIT_LOC_STRINGS = NO;
				SWIFT_VERSION = 5.0;
				TARGETED_DEVICE_FAMILY = "1,2";
				TEST_HOST = "$(BUILT_PRODUCTS_DIR)/diem.app/$(BUNDLE_EXECUTABLE_FOLDER_PATH)/diem";
				VALIDATE_PRODUCT = YES;
			};
			name = Release;
		};
/* End XCBuildConfiguration section */

/* Begin XCConfigurationList section */
		1F64F0742C5B053E0066C559 /* Build configuration list for PBXNativeTarget "Diem Phone Widgets" */ = {
			isa = XCConfigurationList;
			buildConfigurations = (
				1F64F0752C5B053E0066C559 /* Debug */,
				1F64F0762C5B053E0066C559 /* Release */,
			);
			defaultConfigurationIsVisible = 0;
			defaultConfigurationName = Release;
		};
		1F64F0892C5B07FD0066C559 /* Build configuration list for PBXNativeTarget "Diem Watch Widgets" */ = {
			isa = XCConfigurationList;
			buildConfigurations = (
				1F64F08A2C5B07FD0066C559 /* Debug */,
				1F64F08B2C5B07FD0066C559 /* Release */,
			);
			defaultConfigurationIsVisible = 0;
			defaultConfigurationName = Release;
		};
		1FAD1B7229D12A690059DDA1 /* Build configuration list for PBXProject "diem" */ = {
			isa = XCConfigurationList;
			buildConfigurations = (
				1FAD1B9529D12A6B0059DDA1 /* Debug */,
				1FAD1B9629D12A6B0059DDA1 /* Release */,
			);
			defaultConfigurationIsVisible = 0;
			defaultConfigurationName = Release;
		};
		1FAD1B9729D12A6B0059DDA1 /* Build configuration list for PBXNativeTarget "Diem Watch" */ = {
			isa = XCConfigurationList;
			buildConfigurations = (
				1FAD1B9829D12A6B0059DDA1 /* Debug */,
				1FAD1B9929D12A6B0059DDA1 /* Release */,
			);
			defaultConfigurationIsVisible = 0;
			defaultConfigurationName = Release;
		};
		1FAD1B9B29D12A6B0059DDA1 /* Build configuration list for PBXNativeTarget "Diem Phone" */ = {
			isa = XCConfigurationList;
			buildConfigurations = (
				1FAD1B9C29D12A6B0059DDA1 /* Debug */,
				1FAD1B9D29D12A6B0059DDA1 /* Release */,
			);
			defaultConfigurationIsVisible = 0;
			defaultConfigurationName = Release;
		};
		1FF0AD982A9C1FBE00F31BD3 /* Build configuration list for PBXNativeTarget "Diem Tests" */ = {
			isa = XCConfigurationList;
			buildConfigurations = (
				1FF0AD962A9C1FBE00F31BD3 /* Debug */,
				1FF0AD972A9C1FBE00F31BD3 /* Release */,
			);
			defaultConfigurationIsVisible = 0;
			defaultConfigurationName = Release;
		};
/* End XCConfigurationList section */
	};
	rootObject = 1FAD1B6F29D12A690059DDA1 /* Project object */;
}
